// !$*UTF8*$!
{
	archiveVersion = 1;
	classes = {
	};
	objectVersion = 46;
	objects = {

/* Begin PBXBuildFile section */
		040DD66A19E5027E00AFD82E /* main.m in Sources */ = {isa = PBXBuildFile; fileRef = 040DD66919E5027E00AFD82E /* main.m */; };
		040DD66D19E5027E00AFD82E /* KHAppDelegate.m in Sources */ = {isa = PBXBuildFile; fileRef = 040DD66C19E5027E00AFD82E /* KHAppDelegate.m */; };
		040DD67319E5027E00AFD82E /* Main.storyboard in Resources */ = {isa = PBXBuildFile; fileRef = 040DD67119E5027E00AFD82E /* Main.storyboard */; };
		040DD67519E5027E00AFD82E /* Images.xcassets in Resources */ = {isa = PBXBuildFile; fileRef = 040DD67419E5027E00AFD82E /* Images.xcassets */; };
		040DD68419E5027F00AFD82E /* iosappTests.m in Sources */ = {isa = PBXBuildFile; fileRef = 040DD68319E5027F00AFD82E /* iosappTests.m */; };
		043354C219E994090047FEDF /* KHRestfulUrls.m in Sources */ = {isa = PBXBuildFile; fileRef = 043354C119E994090047FEDF /* KHRestfulUrls.m */; };
		043354C519E999CA0047FEDF /* KHController.m in Sources */ = {isa = PBXBuildFile; fileRef = 043354C419E999CA0047FEDF /* KHController.m */; };
		044AB82C1A87F1F00012B2EB /* KHConfiguration.m in Sources */ = {isa = PBXBuildFile; fileRef = 044AB82B1A87F1F00012B2EB /* KHConfiguration.m */; };
		044AB8891A89E4040012B2EB /* FacebookSDK.framework in Frameworks */ = {isa = PBXBuildFile; fileRef = 044AB8881A89E4040012B2EB /* FacebookSDK.framework */; };
		0459096E1A0448F0006764CB /* KHMeUIViewController.m in Sources */ = {isa = PBXBuildFile; fileRef = 0459096D1A0448F0006764CB /* KHMeUIViewController.m */; };
		0465B14E1AA63B1900482DD5 /* KHRequest.m in Sources */ = {isa = PBXBuildFile; fileRef = 0465B14D1AA63B1900482DD5 /* KHRequest.m */; };
		0481CB2E19FD5462002E7A4F /* KHMainUITabBarController.m in Sources */ = {isa = PBXBuildFile; fileRef = 0481CB2D19FD5462002E7A4F /* KHMainUITabBarController.m */; };
		0481CB301A03152C002E7A4F /* KHExternalIdType.m in Sources */ = {isa = PBXBuildFile; fileRef = 0481CB2F1A03152C002E7A4F /* KHExternalIdType.m */; };
		04918A7019FACDE900136F9D /* KHLoginUIViewController.m in Sources */ = {isa = PBXBuildFile; fileRef = 04918A6F19FACDE900136F9D /* KHLoginUIViewController.m */; };
		04918A7719FADD5700136F9D /* KHBorrowItemUIViewController.m in Sources */ = {isa = PBXBuildFile; fileRef = 04918A7619FADD5700136F9D /* KHBorrowItemUIViewController.m */; };
		04930B461A1EF59D000BD42C /* KHApiKey.m in Sources */ = {isa = PBXBuildFile; fileRef = 04930B451A1EF59D000BD42C /* KHApiKey.m */; };
		04944CCC1AA798B8009CDB95 /* KHBorrowDateUIViewController.m in Sources */ = {isa = PBXBuildFile; fileRef = 04944CCB1AA798B8009CDB95 /* KHBorrowDateUIViewController.m */; };
		04944CCF1AA79BDC009CDB95 /* KHReturnDateUIViewController.m in Sources */ = {isa = PBXBuildFile; fileRef = 04944CCE1AA79BDC009CDB95 /* KHReturnDateUIViewController.m */; };
		04944CD21AA79D3E009CDB95 /* KHSendRequestUIViewController.m in Sources */ = {isa = PBXBuildFile; fileRef = 04944CD11AA79D3E009CDB95 /* KHSendRequestUIViewController.m */; };
		04944CED1AA91012009CDB95 /* KHBorrowMessageUIViewController.m in Sources */ = {isa = PBXBuildFile; fileRef = 04944CEC1AA91012009CDB95 /* KHBorrowMessageUIViewController.m */; };
		04944CF01AAA5990009CDB95 /* KHApiAppIdNamespace.m in Sources */ = {isa = PBXBuildFile; fileRef = 04944CEF1AAA5990009CDB95 /* KHApiAppIdNamespace.m */; };
		04944D201AAEADA4009CDB95 /* background image 1536x2048.png in Resources */ = {isa = PBXBuildFile; fileRef = 04944CF31AAEADA4009CDB95 /* background image 1536x2048.png */; };
		04944D211AAEADA4009CDB95 /* background image 750x1334.png in Resources */ = {isa = PBXBuildFile; fileRef = 04944CF41AAEADA4009CDB95 /* background image 750x1334.png */; };
		04944D221AAEADA4009CDB95 /* blur background.jpg in Resources */ = {isa = PBXBuildFile; fileRef = 04944CF51AAEADA4009CDB95 /* blur background.jpg */; };
		04944D231AAEADA4009CDB95 /* ghost button.png in Resources */ = {isa = PBXBuildFile; fileRef = 04944CF61AAEADA4009CDB95 /* ghost button.png */; };
		04944D241AAEADA4009CDB95 /* puppies in hats.jpg in Resources */ = {isa = PBXBuildFile; fileRef = 04944CF71AAEADA4009CDB95 /* puppies in hats.jpg */; };
		04944D251AAEADA4009CDB95 /* Icon-60.png in Resources */ = {isa = PBXBuildFile; fileRef = 04944CF91AAEADA4009CDB95 /* Icon-60.png */; };
		04944D261AAEADA4009CDB95 /* Icon-60@2x.png in Resources */ = {isa = PBXBuildFile; fileRef = 04944CFA1AAEADA4009CDB95 /* Icon-60@2x.png */; };
		04944D271AAEADA4009CDB95 /* Icon-60@3x.png in Resources */ = {isa = PBXBuildFile; fileRef = 04944CFB1AAEADA4009CDB95 /* Icon-60@3x.png */; };
		04944D281AAEADA4009CDB95 /* Icon-72.png in Resources */ = {isa = PBXBuildFile; fileRef = 04944CFC1AAEADA4009CDB95 /* Icon-72.png */; };
		04944D291AAEADA4009CDB95 /* Icon-72@2x.png in Resources */ = {isa = PBXBuildFile; fileRef = 04944CFD1AAEADA4009CDB95 /* Icon-72@2x.png */; };
		04944D2A1AAEADA4009CDB95 /* Icon-76.png in Resources */ = {isa = PBXBuildFile; fileRef = 04944CFE1AAEADA4009CDB95 /* Icon-76.png */; };
		04944D2B1AAEADA4009CDB95 /* Icon-76@2x.png in Resources */ = {isa = PBXBuildFile; fileRef = 04944CFF1AAEADA4009CDB95 /* Icon-76@2x.png */; };
		04944D2C1AAEADA4009CDB95 /* Icon-Small-40.png in Resources */ = {isa = PBXBuildFile; fileRef = 04944D001AAEADA4009CDB95 /* Icon-Small-40.png */; };
		04944D2D1AAEADA4009CDB95 /* Icon-Small-40@2x.png in Resources */ = {isa = PBXBuildFile; fileRef = 04944D011AAEADA4009CDB95 /* Icon-Small-40@2x.png */; };
		04944D2E1AAEADA4009CDB95 /* Icon-Small-40@3x.png in Resources */ = {isa = PBXBuildFile; fileRef = 04944D021AAEADA4009CDB95 /* Icon-Small-40@3x.png */; };
		04944D2F1AAEADA4009CDB95 /* Icon-Small-50.png in Resources */ = {isa = PBXBuildFile; fileRef = 04944D031AAEADA4009CDB95 /* Icon-Small-50.png */; };
		04944D301AAEADA4009CDB95 /* Icon-Small-50@2x.png in Resources */ = {isa = PBXBuildFile; fileRef = 04944D041AAEADA4009CDB95 /* Icon-Small-50@2x.png */; };
		04944D311AAEADA4009CDB95 /* Icon-Small.png in Resources */ = {isa = PBXBuildFile; fileRef = 04944D051AAEADA4009CDB95 /* Icon-Small.png */; };
		04944D321AAEADA4009CDB95 /* Icon-Small@2x.png in Resources */ = {isa = PBXBuildFile; fileRef = 04944D061AAEADA4009CDB95 /* Icon-Small@2x.png */; };
		04944D331AAEADA4009CDB95 /* Icon-Small@3x.png in Resources */ = {isa = PBXBuildFile; fileRef = 04944D071AAEADA4009CDB95 /* Icon-Small@3x.png */; };
		04944D341AAEADA4009CDB95 /* Icon.png in Resources */ = {isa = PBXBuildFile; fileRef = 04944D081AAEADA4009CDB95 /* Icon.png */; };
		04944D351AAEADA4009CDB95 /* Icon@2x.png in Resources */ = {isa = PBXBuildFile; fileRef = 04944D091AAEADA4009CDB95 /* Icon@2x.png */; };
		04944D361AAEADA4009CDB95 /* iTunesArtwork@2x.png in Resources */ = {isa = PBXBuildFile; fileRef = 04944D0A1AAEADA4009CDB95 /* iTunesArtwork@2x.png */; };
		04944D371AAEADA4009CDB95 /* launch image 1242x2208.png in Resources */ = {isa = PBXBuildFile; fileRef = 04944D0C1AAEADA4009CDB95 /* launch image 1242x2208.png */; };
		04944D381AAEADA4009CDB95 /* launch image 1536x2048.png in Resources */ = {isa = PBXBuildFile; fileRef = 04944D0D1AAEADA4009CDB95 /* launch image 1536x2048.png */; };
		04944D391AAEADA4009CDB95 /* launch image 640x136.png in Resources */ = {isa = PBXBuildFile; fileRef = 04944D0E1AAEADA4009CDB95 /* launch image 640x136.png */; };
		04944D3A1AAEADA4009CDB95 /* launch image 640x960.png in Resources */ = {isa = PBXBuildFile; fileRef = 04944D0F1AAEADA4009CDB95 /* launch image 640x960.png */; };
		04944D3B1AAEADA4009CDB95 /* launch image 750x1334.png in Resources */ = {isa = PBXBuildFile; fileRef = 04944D101AAEADA4009CDB95 /* launch image 750x1334.png */; };
		04944D3C1AAEADA4009CDB95 /* launch image 768x1024.png in Resources */ = {isa = PBXBuildFile; fileRef = 04944D111AAEADA4009CDB95 /* launch image 768x1024.png */; };
		04944D3D1AAEADA4009CDB95 /* launch image.png in Resources */ = {isa = PBXBuildFile; fileRef = 04944D121AAEADA4009CDB95 /* launch image.png */; };
		04944D3E1AAEADA4009CDB95 /* add user outline@2x.png in Resources */ = {isa = PBXBuildFile; fileRef = 04944D141AAEADA4009CDB95 /* add user outline@2x.png */; };
		04944D3F1AAEADA4009CDB95 /* add users@2x.png in Resources */ = {isa = PBXBuildFile; fileRef = 04944D151AAEADA4009CDB95 /* add users@2x.png */; };
		04944D401AAEADA4009CDB95 /* bell filled@2x.png in Resources */ = {isa = PBXBuildFile; fileRef = 04944D161AAEADA4009CDB95 /* bell filled@2x.png */; };
		04944D411AAEADA4009CDB95 /* bell@2x.png in Resources */ = {isa = PBXBuildFile; fileRef = 04944D171AAEADA4009CDB95 /* bell@2x.png */; };
		04944D421AAEADA4009CDB95 /* hat filled@2x.png in Resources */ = {isa = PBXBuildFile; fileRef = 04944D181AAEADA4009CDB95 /* hat filled@2x.png */; };
		04944D431AAEADA4009CDB95 /* hat@2x.png in Resources */ = {isa = PBXBuildFile; fileRef = 04944D191AAEADA4009CDB95 /* hat@2x.png */; };
		04944D441AAEADA4009CDB95 /* heart filled@2x.png in Resources */ = {isa = PBXBuildFile; fileRef = 04944D1A1AAEADA4009CDB95 /* heart filled@2x.png */; };
		04944D451AAEADA4009CDB95 /* heart@2x.png in Resources */ = {isa = PBXBuildFile; fileRef = 04944D1B1AAEADA4009CDB95 /* heart@2x.png */; };
		04944D461AAEADA4009CDB95 /* tree filled@2x.png in Resources */ = {isa = PBXBuildFile; fileRef = 04944D1C1AAEADA4009CDB95 /* tree filled@2x.png */; };
		04944D471AAEADA4009CDB95 /* tree@2x.png in Resources */ = {isa = PBXBuildFile; fileRef = 04944D1D1AAEADA4009CDB95 /* tree@2x.png */; };
		04944D481AAEADA4009CDB95 /* user filled@2x.png in Resources */ = {isa = PBXBuildFile; fileRef = 04944D1E1AAEADA4009CDB95 /* user filled@2x.png */; };
		04944D491AAEADA4009CDB95 /* user@2x.png in Resources */ = {isa = PBXBuildFile; fileRef = 04944D1F1AAEADA4009CDB95 /* user@2x.png */; };
		0495CEDB19F59D4D0046FB4D /* KHUser.m in Sources */ = {isa = PBXBuildFile; fileRef = 0495CEDA19F59D4D0046FB4D /* KHUser.m */; };
		04F9904F1AC5E70600B8C7BB /* LaunchScreen.xib in Resources */ = {isa = PBXBuildFile; fileRef = 04F9904E1AC5E70600B8C7BB /* LaunchScreen.xib */; };
		04F990541AC5E73800B8C7BB /* black translucent.png in Resources */ = {isa = PBXBuildFile; fileRef = 04F990501AC5E73800B8C7BB /* black translucent.png */; };
		04F990551AC5E73800B8C7BB /* black translucent80.png in Resources */ = {isa = PBXBuildFile; fileRef = 04F990511AC5E73800B8C7BB /* black translucent80.png */; };
		04F990561AC5E73800B8C7BB /* green pixel.png in Resources */ = {isa = PBXBuildFile; fileRef = 04F990521AC5E73800B8C7BB /* green pixel.png */; };
		04F990571AC5E73800B8C7BB /* orange pixel.png in Resources */ = {isa = PBXBuildFile; fileRef = 04F990531AC5E73800B8C7BB /* orange pixel.png */; };
		04F9905A1AC6133500B8C7BB /* KHGoogleGeoCodingAddressResults.m in Sources */ = {isa = PBXBuildFile; fileRef = 04F990591AC6133500B8C7BB /* KHGoogleGeoCodingAddressResults.m */; };
		04F9905D1AC6166900B8C7BB /* KHGoogleGeoCodingAddressResult.m in Sources */ = {isa = PBXBuildFile; fileRef = 04F9905C1AC6166900B8C7BB /* KHGoogleGeoCodingAddressResult.m */; };
		04F990601AC6193C00B8C7BB /* KHGoogleGeoCodingAddressComponent.m in Sources */ = {isa = PBXBuildFile; fileRef = 04F9905F1AC6193C00B8C7BB /* KHGoogleGeoCodingAddressComponent.m */; };
		04F990631AC61CDE00B8C7BB /* KHGoogleGeoCodingGeometry.m in Sources */ = {isa = PBXBuildFile; fileRef = 04F990621AC61CDE00B8C7BB /* KHGoogleGeoCodingGeometry.m */; };
		04F990661AC61DD900B8C7BB /* KHGoogleGeoCodingCoordinate.m in Sources */ = {isa = PBXBuildFile; fileRef = 04F990651AC61DD900B8C7BB /* KHGoogleGeoCodingCoordinate.m */; };
		04F990691AC6219E00B8C7BB /* KHGoogleGeoCodingViewport.m in Sources */ = {isa = PBXBuildFile; fileRef = 04F990681AC6219E00B8C7BB /* KHGoogleGeoCodingViewport.m */; };
		DB4C24361AC663310039495E /* Address.storyboard in Resources */ = {isa = PBXBuildFile; fileRef = DB4C24351AC663310039495E /* Address.storyboard */; };
/* End PBXBuildFile section */

/* Begin PBXContainerItemProxy section */
		040DD67E19E5027F00AFD82E /* PBXContainerItemProxy */ = {
			isa = PBXContainerItemProxy;
			containerPortal = 040DD65C19E5027E00AFD82E /* Project object */;
			proxyType = 1;
			remoteGlobalIDString = 040DD66319E5027E00AFD82E;
			remoteInfo = iosapp;
		};
/* End PBXContainerItemProxy section */

/* Begin PBXFileReference section */
		040DD66419E5027E00AFD82E /* iosapp.app */ = {isa = PBXFileReference; explicitFileType = wrapper.application; includeInIndex = 0; path = iosapp.app; sourceTree = BUILT_PRODUCTS_DIR; };
		040DD66819E5027E00AFD82E /* Info.plist */ = {isa = PBXFileReference; lastKnownFileType = text.plist.xml; path = Info.plist; sourceTree = "<group>"; };
		040DD66919E5027E00AFD82E /* main.m */ = {isa = PBXFileReference; lastKnownFileType = sourcecode.c.objc; path = main.m; sourceTree = "<group>"; };
		040DD66B19E5027E00AFD82E /* KHAppDelegate.h */ = {isa = PBXFileReference; lastKnownFileType = sourcecode.c.h; path = KHAppDelegate.h; sourceTree = "<group>"; };
		040DD66C19E5027E00AFD82E /* KHAppDelegate.m */ = {isa = PBXFileReference; lastKnownFileType = sourcecode.c.objc; path = KHAppDelegate.m; sourceTree = "<group>"; };
		040DD67219E5027E00AFD82E /* Base */ = {isa = PBXFileReference; lastKnownFileType = file.storyboard; name = Base; path = Base.lproj/Main.storyboard; sourceTree = "<group>"; };
		040DD67419E5027E00AFD82E /* Images.xcassets */ = {isa = PBXFileReference; lastKnownFileType = folder.assetcatalog; path = Images.xcassets; sourceTree = "<group>"; };
		040DD67D19E5027F00AFD82E /* iosappTests.xctest */ = {isa = PBXFileReference; explicitFileType = wrapper.cfbundle; includeInIndex = 0; path = iosappTests.xctest; sourceTree = BUILT_PRODUCTS_DIR; };
		040DD68219E5027F00AFD82E /* Info.plist */ = {isa = PBXFileReference; lastKnownFileType = text.plist.xml; path = Info.plist; sourceTree = "<group>"; };
		040DD68319E5027F00AFD82E /* iosappTests.m */ = {isa = PBXFileReference; lastKnownFileType = sourcecode.c.objc; path = iosappTests.m; sourceTree = "<group>"; };
		043354C119E994090047FEDF /* KHRestfulUrls.m */ = {isa = PBXFileReference; fileEncoding = 4; lastKnownFileType = sourcecode.c.objc; path = KHRestfulUrls.m; sourceTree = "<group>"; };
		043354C319E994280047FEDF /* KHRestfulUrls.h */ = {isa = PBXFileReference; fileEncoding = 4; lastKnownFileType = sourcecode.c.h; path = KHRestfulUrls.h; sourceTree = "<group>"; };
		043354C419E999CA0047FEDF /* KHController.m */ = {isa = PBXFileReference; fileEncoding = 4; lastKnownFileType = sourcecode.c.objc; path = KHController.m; sourceTree = "<group>"; };
		043354C619E9A01D0047FEDF /* KHController.h */ = {isa = PBXFileReference; fileEncoding = 4; lastKnownFileType = sourcecode.c.h; path = KHController.h; sourceTree = "<group>"; };
		044AB82A1A87F1660012B2EB /* KHConfiguration.h */ = {isa = PBXFileReference; fileEncoding = 4; lastKnownFileType = sourcecode.c.h; path = KHConfiguration.h; sourceTree = "<group>"; };
		044AB82B1A87F1F00012B2EB /* KHConfiguration.m */ = {isa = PBXFileReference; fileEncoding = 4; lastKnownFileType = sourcecode.c.objc; path = KHConfiguration.m; sourceTree = "<group>"; };
		044AB8881A89E4040012B2EB /* FacebookSDK.framework */ = {isa = PBXFileReference; lastKnownFileType = wrapper.framework; name = FacebookSDK.framework; path = FacebookSDK/FacebookSDK.framework; sourceTree = "<group>"; };
		0459096D1A0448F0006764CB /* KHMeUIViewController.m */ = {isa = PBXFileReference; fileEncoding = 4; lastKnownFileType = sourcecode.c.objc; path = KHMeUIViewController.m; sourceTree = "<group>"; };
		0459096F1A04498C006764CB /* KHMeUIViewController.h */ = {isa = PBXFileReference; fileEncoding = 4; lastKnownFileType = sourcecode.c.h; path = KHMeUIViewController.h; sourceTree = "<group>"; };
		0465B14C1AA63B1900482DD5 /* KHRequest.h */ = {isa = PBXFileReference; fileEncoding = 4; lastKnownFileType = sourcecode.c.h; path = KHRequest.h; sourceTree = "<group>"; };
		0465B14D1AA63B1900482DD5 /* KHRequest.m */ = {isa = PBXFileReference; fileEncoding = 4; lastKnownFileType = sourcecode.c.objc; path = KHRequest.m; sourceTree = "<group>"; };
		0481CB2B19FC17EE002E7A4F /* KHExternalIdType.h */ = {isa = PBXFileReference; fileEncoding = 4; lastKnownFileType = sourcecode.c.h; path = KHExternalIdType.h; sourceTree = "<group>"; };
		0481CB2C19FC197E002E7A4F /* KHMainUITabBarController.h */ = {isa = PBXFileReference; fileEncoding = 4; lastKnownFileType = sourcecode.c.h; path = KHMainUITabBarController.h; sourceTree = "<group>"; };
		0481CB2D19FD5462002E7A4F /* KHMainUITabBarController.m */ = {isa = PBXFileReference; fileEncoding = 4; lastKnownFileType = sourcecode.c.objc; path = KHMainUITabBarController.m; sourceTree = "<group>"; };
		0481CB2F1A03152C002E7A4F /* KHExternalIdType.m */ = {isa = PBXFileReference; fileEncoding = 4; lastKnownFileType = sourcecode.c.objc; path = KHExternalIdType.m; sourceTree = "<group>"; };
		04918A6E19FACDE900136F9D /* KHLoginUIViewController.h */ = {isa = PBXFileReference; fileEncoding = 4; lastKnownFileType = sourcecode.c.h; path = KHLoginUIViewController.h; sourceTree = "<group>"; };
		04918A6F19FACDE900136F9D /* KHLoginUIViewController.m */ = {isa = PBXFileReference; fileEncoding = 4; lastKnownFileType = sourcecode.c.objc; path = KHLoginUIViewController.m; sourceTree = "<group>"; };
		04918A7519FADD5700136F9D /* KHBorrowItemUIViewController.h */ = {isa = PBXFileReference; fileEncoding = 4; lastKnownFileType = sourcecode.c.h; path = KHBorrowItemUIViewController.h; sourceTree = "<group>"; };
		04918A7619FADD5700136F9D /* KHBorrowItemUIViewController.m */ = {isa = PBXFileReference; fileEncoding = 4; lastKnownFileType = sourcecode.c.objc; path = KHBorrowItemUIViewController.m; sourceTree = "<group>"; };
		04930B441A1EF39A000BD42C /* KHApiKey.h */ = {isa = PBXFileReference; fileEncoding = 4; lastKnownFileType = sourcecode.c.h; path = KHApiKey.h; sourceTree = "<group>"; };
		04930B451A1EF59D000BD42C /* KHApiKey.m */ = {isa = PBXFileReference; fileEncoding = 4; lastKnownFileType = sourcecode.c.objc; path = KHApiKey.m; sourceTree = "<group>"; };
		04944CCA1AA79894009CDB95 /* KHBorrowDateUIViewController.h */ = {isa = PBXFileReference; fileEncoding = 4; lastKnownFileType = sourcecode.c.h; path = KHBorrowDateUIViewController.h; sourceTree = "<group>"; };
		04944CCB1AA798B8009CDB95 /* KHBorrowDateUIViewController.m */ = {isa = PBXFileReference; fileEncoding = 4; lastKnownFileType = sourcecode.c.objc; path = KHBorrowDateUIViewController.m; sourceTree = "<group>"; };
		04944CCD1AA79BB0009CDB95 /* KHReturnDateUIViewController.h */ = {isa = PBXFileReference; fileEncoding = 4; lastKnownFileType = sourcecode.c.h; path = KHReturnDateUIViewController.h; sourceTree = "<group>"; };
		04944CCE1AA79BDC009CDB95 /* KHReturnDateUIViewController.m */ = {isa = PBXFileReference; fileEncoding = 4; lastKnownFileType = sourcecode.c.objc; path = KHReturnDateUIViewController.m; sourceTree = "<group>"; };
		04944CD01AA79D23009CDB95 /* KHSendRequestUIViewController.h */ = {isa = PBXFileReference; fileEncoding = 4; lastKnownFileType = sourcecode.c.h; path = KHSendRequestUIViewController.h; sourceTree = "<group>"; };
		04944CD11AA79D3E009CDB95 /* KHSendRequestUIViewController.m */ = {isa = PBXFileReference; fileEncoding = 4; lastKnownFileType = sourcecode.c.objc; path = KHSendRequestUIViewController.m; sourceTree = "<group>"; };
		04944CEB1AA90FFB009CDB95 /* KHBorrowMessageUIViewController.h */ = {isa = PBXFileReference; fileEncoding = 4; lastKnownFileType = sourcecode.c.h; path = KHBorrowMessageUIViewController.h; sourceTree = "<group>"; };
		04944CEC1AA91012009CDB95 /* KHBorrowMessageUIViewController.m */ = {isa = PBXFileReference; fileEncoding = 4; lastKnownFileType = sourcecode.c.objc; path = KHBorrowMessageUIViewController.m; sourceTree = "<group>"; };
		04944CEE1AAA5813009CDB95 /* KHApiAppIdNamespace.h */ = {isa = PBXFileReference; fileEncoding = 4; lastKnownFileType = sourcecode.c.h; path = KHApiAppIdNamespace.h; sourceTree = "<group>"; };
		04944CEF1AAA5990009CDB95 /* KHApiAppIdNamespace.m */ = {isa = PBXFileReference; fileEncoding = 4; lastKnownFileType = sourcecode.c.objc; path = KHApiAppIdNamespace.m; sourceTree = "<group>"; };
		04944CF31AAEADA4009CDB95 /* background image 1536x2048.png */ = {isa = PBXFileReference; lastKnownFileType = image.png; path = "background image 1536x2048.png"; sourceTree = "<group>"; };
		04944CF41AAEADA4009CDB95 /* background image 750x1334.png */ = {isa = PBXFileReference; lastKnownFileType = image.png; path = "background image 750x1334.png"; sourceTree = "<group>"; };
		04944CF51AAEADA4009CDB95 /* blur background.jpg */ = {isa = PBXFileReference; lastKnownFileType = image.jpeg; path = "blur background.jpg"; sourceTree = "<group>"; };
		04944CF61AAEADA4009CDB95 /* ghost button.png */ = {isa = PBXFileReference; lastKnownFileType = image.png; path = "ghost button.png"; sourceTree = "<group>"; };
		04944CF71AAEADA4009CDB95 /* puppies in hats.jpg */ = {isa = PBXFileReference; lastKnownFileType = image.jpeg; path = "puppies in hats.jpg"; sourceTree = "<group>"; };
		04944CF91AAEADA4009CDB95 /* Icon-60.png */ = {isa = PBXFileReference; lastKnownFileType = image.png; path = "Icon-60.png"; sourceTree = "<group>"; };
		04944CFA1AAEADA4009CDB95 /* Icon-60@2x.png */ = {isa = PBXFileReference; lastKnownFileType = image.png; path = "Icon-60@2x.png"; sourceTree = "<group>"; };
		04944CFB1AAEADA4009CDB95 /* Icon-60@3x.png */ = {isa = PBXFileReference; lastKnownFileType = image.png; path = "Icon-60@3x.png"; sourceTree = "<group>"; };
		04944CFC1AAEADA4009CDB95 /* Icon-72.png */ = {isa = PBXFileReference; lastKnownFileType = image.png; path = "Icon-72.png"; sourceTree = "<group>"; };
		04944CFD1AAEADA4009CDB95 /* Icon-72@2x.png */ = {isa = PBXFileReference; lastKnownFileType = image.png; path = "Icon-72@2x.png"; sourceTree = "<group>"; };
		04944CFE1AAEADA4009CDB95 /* Icon-76.png */ = {isa = PBXFileReference; lastKnownFileType = image.png; path = "Icon-76.png"; sourceTree = "<group>"; };
		04944CFF1AAEADA4009CDB95 /* Icon-76@2x.png */ = {isa = PBXFileReference; lastKnownFileType = image.png; path = "Icon-76@2x.png"; sourceTree = "<group>"; };
		04944D001AAEADA4009CDB95 /* Icon-Small-40.png */ = {isa = PBXFileReference; lastKnownFileType = image.png; path = "Icon-Small-40.png"; sourceTree = "<group>"; };
		04944D011AAEADA4009CDB95 /* Icon-Small-40@2x.png */ = {isa = PBXFileReference; lastKnownFileType = image.png; path = "Icon-Small-40@2x.png"; sourceTree = "<group>"; };
		04944D021AAEADA4009CDB95 /* Icon-Small-40@3x.png */ = {isa = PBXFileReference; lastKnownFileType = image.png; path = "Icon-Small-40@3x.png"; sourceTree = "<group>"; };
		04944D031AAEADA4009CDB95 /* Icon-Small-50.png */ = {isa = PBXFileReference; lastKnownFileType = image.png; path = "Icon-Small-50.png"; sourceTree = "<group>"; };
		04944D041AAEADA4009CDB95 /* Icon-Small-50@2x.png */ = {isa = PBXFileReference; lastKnownFileType = image.png; path = "Icon-Small-50@2x.png"; sourceTree = "<group>"; };
		04944D051AAEADA4009CDB95 /* Icon-Small.png */ = {isa = PBXFileReference; lastKnownFileType = image.png; path = "Icon-Small.png"; sourceTree = "<group>"; };
		04944D061AAEADA4009CDB95 /* Icon-Small@2x.png */ = {isa = PBXFileReference; lastKnownFileType = image.png; path = "Icon-Small@2x.png"; sourceTree = "<group>"; };
		04944D071AAEADA4009CDB95 /* Icon-Small@3x.png */ = {isa = PBXFileReference; lastKnownFileType = image.png; path = "Icon-Small@3x.png"; sourceTree = "<group>"; };
		04944D081AAEADA4009CDB95 /* Icon.png */ = {isa = PBXFileReference; lastKnownFileType = image.png; path = Icon.png; sourceTree = "<group>"; };
		04944D091AAEADA4009CDB95 /* Icon@2x.png */ = {isa = PBXFileReference; lastKnownFileType = image.png; path = "Icon@2x.png"; sourceTree = "<group>"; };
		04944D0A1AAEADA4009CDB95 /* iTunesArtwork@2x.png */ = {isa = PBXFileReference; lastKnownFileType = image.png; path = "iTunesArtwork@2x.png"; sourceTree = "<group>"; };
		04944D0C1AAEADA4009CDB95 /* launch image 1242x2208.png */ = {isa = PBXFileReference; lastKnownFileType = image.png; path = "launch image 1242x2208.png"; sourceTree = "<group>"; };
		04944D0D1AAEADA4009CDB95 /* launch image 1536x2048.png */ = {isa = PBXFileReference; lastKnownFileType = image.png; path = "launch image 1536x2048.png"; sourceTree = "<group>"; };
		04944D0E1AAEADA4009CDB95 /* launch image 640x136.png */ = {isa = PBXFileReference; lastKnownFileType = image.png; path = "launch image 640x136.png"; sourceTree = "<group>"; };
		04944D0F1AAEADA4009CDB95 /* launch image 640x960.png */ = {isa = PBXFileReference; lastKnownFileType = image.png; path = "launch image 640x960.png"; sourceTree = "<group>"; };
		04944D101AAEADA4009CDB95 /* launch image 750x1334.png */ = {isa = PBXFileReference; lastKnownFileType = image.png; path = "launch image 750x1334.png"; sourceTree = "<group>"; };
		04944D111AAEADA4009CDB95 /* launch image 768x1024.png */ = {isa = PBXFileReference; lastKnownFileType = image.png; path = "launch image 768x1024.png"; sourceTree = "<group>"; };
		04944D121AAEADA4009CDB95 /* launch image.png */ = {isa = PBXFileReference; lastKnownFileType = image.png; path = "launch image.png"; sourceTree = "<group>"; };
		04944D141AAEADA4009CDB95 /* add user outline@2x.png */ = {isa = PBXFileReference; lastKnownFileType = image.png; path = "add user outline@2x.png"; sourceTree = "<group>"; };
		04944D151AAEADA4009CDB95 /* add users@2x.png */ = {isa = PBXFileReference; lastKnownFileType = image.png; path = "add users@2x.png"; sourceTree = "<group>"; };
		04944D161AAEADA4009CDB95 /* bell filled@2x.png */ = {isa = PBXFileReference; lastKnownFileType = image.png; path = "bell filled@2x.png"; sourceTree = "<group>"; };
		04944D171AAEADA4009CDB95 /* bell@2x.png */ = {isa = PBXFileReference; lastKnownFileType = image.png; path = "bell@2x.png"; sourceTree = "<group>"; };
		04944D181AAEADA4009CDB95 /* hat filled@2x.png */ = {isa = PBXFileReference; lastKnownFileType = image.png; path = "hat filled@2x.png"; sourceTree = "<group>"; };
		04944D191AAEADA4009CDB95 /* hat@2x.png */ = {isa = PBXFileReference; lastKnownFileType = image.png; path = "hat@2x.png"; sourceTree = "<group>"; };
		04944D1A1AAEADA4009CDB95 /* heart filled@2x.png */ = {isa = PBXFileReference; lastKnownFileType = image.png; path = "heart filled@2x.png"; sourceTree = "<group>"; };
		04944D1B1AAEADA4009CDB95 /* heart@2x.png */ = {isa = PBXFileReference; lastKnownFileType = image.png; path = "heart@2x.png"; sourceTree = "<group>"; };
		04944D1C1AAEADA4009CDB95 /* tree filled@2x.png */ = {isa = PBXFileReference; lastKnownFileType = image.png; path = "tree filled@2x.png"; sourceTree = "<group>"; };
		04944D1D1AAEADA4009CDB95 /* tree@2x.png */ = {isa = PBXFileReference; lastKnownFileType = image.png; path = "tree@2x.png"; sourceTree = "<group>"; };
		04944D1E1AAEADA4009CDB95 /* user filled@2x.png */ = {isa = PBXFileReference; lastKnownFileType = image.png; path = "user filled@2x.png"; sourceTree = "<group>"; };
		04944D1F1AAEADA4009CDB95 /* user@2x.png */ = {isa = PBXFileReference; lastKnownFileType = image.png; path = "user@2x.png"; sourceTree = "<group>"; };
		0495CED919F598920046FB4D /* KHUser.h */ = {isa = PBXFileReference; fileEncoding = 4; lastKnownFileType = sourcecode.c.h; path = KHUser.h; sourceTree = "<group>"; };
		0495CEDA19F59D4D0046FB4D /* KHUser.m */ = {isa = PBXFileReference; fileEncoding = 4; lastKnownFileType = sourcecode.c.objc; path = KHUser.m; sourceTree = "<group>"; };
		04F9904E1AC5E70600B8C7BB /* LaunchScreen.xib */ = {isa = PBXFileReference; fileEncoding = 4; lastKnownFileType = file.xib; path = LaunchScreen.xib; sourceTree = "<group>"; };
		04F990501AC5E73800B8C7BB /* black translucent.png */ = {isa = PBXFileReference; lastKnownFileType = image.png; path = "black translucent.png"; sourceTree = "<group>"; };
		04F990511AC5E73800B8C7BB /* black translucent80.png */ = {isa = PBXFileReference; lastKnownFileType = image.png; path = "black translucent80.png"; sourceTree = "<group>"; };
		04F990521AC5E73800B8C7BB /* green pixel.png */ = {isa = PBXFileReference; lastKnownFileType = image.png; path = "green pixel.png"; sourceTree = "<group>"; };
		04F990531AC5E73800B8C7BB /* orange pixel.png */ = {isa = PBXFileReference; lastKnownFileType = image.png; path = "orange pixel.png"; sourceTree = "<group>"; };
		04F990581AC6127700B8C7BB /* KHGoogleGeoCodingAddressResults.h */ = {isa = PBXFileReference; fileEncoding = 4; lastKnownFileType = sourcecode.c.h; path = KHGoogleGeoCodingAddressResults.h; sourceTree = "<group>"; };
		04F990591AC6133500B8C7BB /* KHGoogleGeoCodingAddressResults.m */ = {isa = PBXFileReference; fileEncoding = 4; lastKnownFileType = sourcecode.c.objc; path = KHGoogleGeoCodingAddressResults.m; sourceTree = "<group>"; };
		04F9905B1AC613A800B8C7BB /* KHGoogleGeoCodingAddressResult.h */ = {isa = PBXFileReference; fileEncoding = 4; lastKnownFileType = sourcecode.c.h; path = KHGoogleGeoCodingAddressResult.h; sourceTree = "<group>"; };
		04F9905C1AC6166900B8C7BB /* KHGoogleGeoCodingAddressResult.m */ = {isa = PBXFileReference; fileEncoding = 4; lastKnownFileType = sourcecode.c.objc; path = KHGoogleGeoCodingAddressResult.m; sourceTree = "<group>"; };
		04F9905E1AC618DB00B8C7BB /* KHGoogleGeoCodingAddressComponent.h */ = {isa = PBXFileReference; fileEncoding = 4; lastKnownFileType = sourcecode.c.h; path = KHGoogleGeoCodingAddressComponent.h; sourceTree = "<group>"; };
		04F9905F1AC6193C00B8C7BB /* KHGoogleGeoCodingAddressComponent.m */ = {isa = PBXFileReference; fileEncoding = 4; lastKnownFileType = sourcecode.c.objc; path = KHGoogleGeoCodingAddressComponent.m; sourceTree = "<group>"; };
		04F990611AC61C1300B8C7BB /* KHGoogleGeoCodingGeometry.h */ = {isa = PBXFileReference; fileEncoding = 4; lastKnownFileType = sourcecode.c.h; path = KHGoogleGeoCodingGeometry.h; sourceTree = "<group>"; };
		04F990621AC61CDE00B8C7BB /* KHGoogleGeoCodingGeometry.m */ = {isa = PBXFileReference; fileEncoding = 4; lastKnownFileType = sourcecode.c.objc; path = KHGoogleGeoCodingGeometry.m; sourceTree = "<group>"; };
		04F990641AC61D3900B8C7BB /* KHGoogleGeoCodingCoordinate.h */ = {isa = PBXFileReference; fileEncoding = 4; lastKnownFileType = sourcecode.c.h; path = KHGoogleGeoCodingCoordinate.h; sourceTree = "<group>"; };
		04F990651AC61DD900B8C7BB /* KHGoogleGeoCodingCoordinate.m */ = {isa = PBXFileReference; fileEncoding = 4; lastKnownFileType = sourcecode.c.objc; path = KHGoogleGeoCodingCoordinate.m; sourceTree = "<group>"; };
		04F990671AC6214300B8C7BB /* KHGoogleGeoCodingViewport.h */ = {isa = PBXFileReference; fileEncoding = 4; lastKnownFileType = sourcecode.c.h; path = KHGoogleGeoCodingViewport.h; sourceTree = "<group>"; };
		04F990681AC6219E00B8C7BB /* KHGoogleGeoCodingViewport.m */ = {isa = PBXFileReference; fileEncoding = 4; lastKnownFileType = sourcecode.c.objc; path = KHGoogleGeoCodingViewport.m; sourceTree = "<group>"; };
		DB4C24351AC663310039495E /* Address.storyboard */ = {isa = PBXFileReference; fileEncoding = 4; lastKnownFileType = file.storyboard; name = Address.storyboard; path = Utility/Address.storyboard; sourceTree = "<group>"; };
/* End PBXFileReference section */

/* Begin PBXFrameworksBuildPhase section */
		040DD66119E5027E00AFD82E /* Frameworks */ = {
			isa = PBXFrameworksBuildPhase;
			buildActionMask = 2147483647;
			files = (
				044AB8891A89E4040012B2EB /* FacebookSDK.framework in Frameworks */,
			);
			runOnlyForDeploymentPostprocessing = 0;
		};
		040DD67A19E5027F00AFD82E /* Frameworks */ = {
			isa = PBXFrameworksBuildPhase;
			buildActionMask = 2147483647;
			files = (
			);
			runOnlyForDeploymentPostprocessing = 0;
		};
/* End PBXFrameworksBuildPhase section */

/* Begin PBXGroup section */
		040DD65B19E5027E00AFD82E = {
			isa = PBXGroup;
			children = (
				044AB8881A89E4040012B2EB /* FacebookSDK.framework */,
				040DD66619E5027E00AFD82E /* iosapp */,
				040DD68019E5027F00AFD82E /* iosappTests */,
				040DD66519E5027E00AFD82E /* Products */,
			);
			sourceTree = "<group>";
		};
		040DD66519E5027E00AFD82E /* Products */ = {
			isa = PBXGroup;
			children = (
				040DD66419E5027E00AFD82E /* iosapp.app */,
				040DD67D19E5027F00AFD82E /* iosappTests.xctest */,
			);
			name = Products;
			sourceTree = "<group>";
		};
		040DD66619E5027E00AFD82E /* iosapp */ = {
			isa = PBXGroup;
			children = (
				04944CF11AAEADA4009CDB95 /* Images */,
				0495CED819F597830046FB4D /* Models */,
				04918A6C19F9C62700136F9D /* Controllers */,
				043354C019E9921E0047FEDF /* Utility */,
				040DD66B19E5027E00AFD82E /* KHAppDelegate.h */,
				040DD66C19E5027E00AFD82E /* KHAppDelegate.m */,
				040DD67119E5027E00AFD82E /* Main.storyboard */,
				040DD67419E5027E00AFD82E /* Images.xcassets */,
				DB4C24351AC663310039495E /* Address.storyboard */,
				04F9904E1AC5E70600B8C7BB /* LaunchScreen.xib */,
				040DD66719E5027E00AFD82E /* Supporting Files */,
			);
			path = iosapp;
			sourceTree = "<group>";
		};
		040DD66719E5027E00AFD82E /* Supporting Files */ = {
			isa = PBXGroup;
			children = (
				040DD66819E5027E00AFD82E /* Info.plist */,
				040DD66919E5027E00AFD82E /* main.m */,
			);
			path = "Supporting Files";
			sourceTree = "<group>";
		};
		040DD68019E5027F00AFD82E /* iosappTests */ = {
			isa = PBXGroup;
			children = (
				040DD68319E5027F00AFD82E /* iosappTests.m */,
				040DD68119E5027F00AFD82E /* Supporting Files */,
			);
			path = iosappTests;
			sourceTree = "<group>";
		};
		040DD68119E5027F00AFD82E /* Supporting Files */ = {
			isa = PBXGroup;
			children = (
				040DD68219E5027F00AFD82E /* Info.plist */,
			);
			name = "Supporting Files";
			sourceTree = "<group>";
		};
		043354C019E9921E0047FEDF /* Utility */ = {
			isa = PBXGroup;
			children = (
				043354C319E994280047FEDF /* KHRestfulUrls.h */,
				043354C119E994090047FEDF /* KHRestfulUrls.m */,
				043354C619E9A01D0047FEDF /* KHController.h */,
				043354C419E999CA0047FEDF /* KHController.m */,
				0481CB2B19FC17EE002E7A4F /* KHExternalIdType.h */,
				0481CB2F1A03152C002E7A4F /* KHExternalIdType.m */,
				044AB82A1A87F1660012B2EB /* KHConfiguration.h */,
				044AB82B1A87F1F00012B2EB /* KHConfiguration.m */,
			);
			path = Utility;
			sourceTree = "<group>";
		};
		04918A6C19F9C62700136F9D /* Controllers */ = {
			isa = PBXGroup;
			children = (
				04918A7519FADD5700136F9D /* KHBorrowItemUIViewController.h */,
				04918A7619FADD5700136F9D /* KHBorrowItemUIViewController.m */,
				04918A6E19FACDE900136F9D /* KHLoginUIViewController.h */,
				04918A6F19FACDE900136F9D /* KHLoginUIViewController.m */,
				0481CB2C19FC197E002E7A4F /* KHMainUITabBarController.h */,
				0481CB2D19FD5462002E7A4F /* KHMainUITabBarController.m */,
				0459096F1A04498C006764CB /* KHMeUIViewController.h */,
				0459096D1A0448F0006764CB /* KHMeUIViewController.m */,
				04944CCA1AA79894009CDB95 /* KHBorrowDateUIViewController.h */,
				04944CCB1AA798B8009CDB95 /* KHBorrowDateUIViewController.m */,
				04944CCD1AA79BB0009CDB95 /* KHReturnDateUIViewController.h */,
				04944CCE1AA79BDC009CDB95 /* KHReturnDateUIViewController.m */,
				04944CD01AA79D23009CDB95 /* KHSendRequestUIViewController.h */,
				04944CD11AA79D3E009CDB95 /* KHSendRequestUIViewController.m */,
				04944CEB1AA90FFB009CDB95 /* KHBorrowMessageUIViewController.h */,
				04944CEC1AA91012009CDB95 /* KHBorrowMessageUIViewController.m */,
			);
			path = Controllers;
			sourceTree = "<group>";
		};
		04944CF11AAEADA4009CDB95 /* Images */ = {
			isa = PBXGroup;
			children = (
				04944CF21AAEADA4009CDB95 /* assets */,
				04944CF81AAEADA4009CDB95 /* launch icons */,
				04944D0B1AAEADA4009CDB95 /* launch images */,
				04944D131AAEADA4009CDB95 /* tab icons */,
			);
			path = Images;
			sourceTree = "<group>";
		};
		04944CF21AAEADA4009CDB95 /* assets */ = {
			isa = PBXGroup;
			children = (
				04F990501AC5E73800B8C7BB /* black translucent.png */,
				04F990511AC5E73800B8C7BB /* black translucent80.png */,
				04F990521AC5E73800B8C7BB /* green pixel.png */,
				04F990531AC5E73800B8C7BB /* orange pixel.png */,
				04944CF31AAEADA4009CDB95 /* background image 1536x2048.png */,
				04944CF41AAEADA4009CDB95 /* background image 750x1334.png */,
				04944CF51AAEADA4009CDB95 /* blur background.jpg */,
				04944CF61AAEADA4009CDB95 /* ghost button.png */,
				04944CF71AAEADA4009CDB95 /* puppies in hats.jpg */,
			);
			path = assets;
			sourceTree = "<group>";
		};
		04944CF81AAEADA4009CDB95 /* launch icons */ = {
			isa = PBXGroup;
			children = (
				04944CF91AAEADA4009CDB95 /* Icon-60.png */,
				04944CFA1AAEADA4009CDB95 /* Icon-60@2x.png */,
				04944CFB1AAEADA4009CDB95 /* Icon-60@3x.png */,
				04944CFC1AAEADA4009CDB95 /* Icon-72.png */,
				04944CFD1AAEADA4009CDB95 /* Icon-72@2x.png */,
				04944CFE1AAEADA4009CDB95 /* Icon-76.png */,
				04944CFF1AAEADA4009CDB95 /* Icon-76@2x.png */,
				04944D001AAEADA4009CDB95 /* Icon-Small-40.png */,
				04944D011AAEADA4009CDB95 /* Icon-Small-40@2x.png */,
				04944D021AAEADA4009CDB95 /* Icon-Small-40@3x.png */,
				04944D031AAEADA4009CDB95 /* Icon-Small-50.png */,
				04944D041AAEADA4009CDB95 /* Icon-Small-50@2x.png */,
				04944D051AAEADA4009CDB95 /* Icon-Small.png */,
				04944D061AAEADA4009CDB95 /* Icon-Small@2x.png */,
				04944D071AAEADA4009CDB95 /* Icon-Small@3x.png */,
				04944D081AAEADA4009CDB95 /* Icon.png */,
				04944D091AAEADA4009CDB95 /* Icon@2x.png */,
				04944D0A1AAEADA4009CDB95 /* iTunesArtwork@2x.png */,
			);
			path = "launch icons";
			sourceTree = "<group>";
		};
		04944D0B1AAEADA4009CDB95 /* launch images */ = {
			isa = PBXGroup;
			children = (
				04944D0C1AAEADA4009CDB95 /* launch image 1242x2208.png */,
				04944D0D1AAEADA4009CDB95 /* launch image 1536x2048.png */,
				04944D0E1AAEADA4009CDB95 /* launch image 640x136.png */,
				04944D0F1AAEADA4009CDB95 /* launch image 640x960.png */,
				04944D101AAEADA4009CDB95 /* launch image 750x1334.png */,
				04944D111AAEADA4009CDB95 /* launch image 768x1024.png */,
				04944D121AAEADA4009CDB95 /* launch image.png */,
			);
			path = "launch images";
			sourceTree = "<group>";
		};
		04944D131AAEADA4009CDB95 /* tab icons */ = {
			isa = PBXGroup;
			children = (
				04944D141AAEADA4009CDB95 /* add user outline@2x.png */,
				04944D151AAEADA4009CDB95 /* add users@2x.png */,
				04944D161AAEADA4009CDB95 /* bell filled@2x.png */,
				04944D171AAEADA4009CDB95 /* bell@2x.png */,
				04944D181AAEADA4009CDB95 /* hat filled@2x.png */,
				04944D191AAEADA4009CDB95 /* hat@2x.png */,
				04944D1A1AAEADA4009CDB95 /* heart filled@2x.png */,
				04944D1B1AAEADA4009CDB95 /* heart@2x.png */,
				04944D1C1AAEADA4009CDB95 /* tree filled@2x.png */,
				04944D1D1AAEADA4009CDB95 /* tree@2x.png */,
				04944D1E1AAEADA4009CDB95 /* user filled@2x.png */,
				04944D1F1AAEADA4009CDB95 /* user@2x.png */,
			);
			path = "tab icons";
			sourceTree = "<group>";
		};
		0495CED819F597830046FB4D /* Models */ = {
			isa = PBXGroup;
			children = (
				0465B14C1AA63B1900482DD5 /* KHRequest.h */,
				0465B14D1AA63B1900482DD5 /* KHRequest.m */,
				0495CED919F598920046FB4D /* KHUser.h */,
				0495CEDA19F59D4D0046FB4D /* KHUser.m */,
				04930B441A1EF39A000BD42C /* KHApiKey.h */,
				04930B451A1EF59D000BD42C /* KHApiKey.m */,
				04944CEE1AAA5813009CDB95 /* KHApiAppIdNamespace.h */,
				04944CEF1AAA5990009CDB95 /* KHApiAppIdNamespace.m */,
				04F990581AC6127700B8C7BB /* KHGoogleGeoCodingAddressResults.h */,
				04F990591AC6133500B8C7BB /* KHGoogleGeoCodingAddressResults.m */,
				04F9905B1AC613A800B8C7BB /* KHGoogleGeoCodingAddressResult.h */,
				04F9905C1AC6166900B8C7BB /* KHGoogleGeoCodingAddressResult.m */,
				04F9905E1AC618DB00B8C7BB /* KHGoogleGeoCodingAddressComponent.h */,
				04F9905F1AC6193C00B8C7BB /* KHGoogleGeoCodingAddressComponent.m */,
				04F990611AC61C1300B8C7BB /* KHGoogleGeoCodingGeometry.h */,
				04F990621AC61CDE00B8C7BB /* KHGoogleGeoCodingGeometry.m */,
				04F990641AC61D3900B8C7BB /* KHGoogleGeoCodingCoordinate.h */,
				04F990651AC61DD900B8C7BB /* KHGoogleGeoCodingCoordinate.m */,
				04F990671AC6214300B8C7BB /* KHGoogleGeoCodingViewport.h */,
				04F990681AC6219E00B8C7BB /* KHGoogleGeoCodingViewport.m */,
			);
			path = Models;
			sourceTree = "<group>";
		};
/* End PBXGroup section */

/* Begin PBXNativeTarget section */
		040DD66319E5027E00AFD82E /* iosapp */ = {
			isa = PBXNativeTarget;
			buildConfigurationList = 040DD68719E5027F00AFD82E /* Build configuration list for PBXNativeTarget "iosapp" */;
			buildPhases = (
				040DD66019E5027E00AFD82E /* Sources */,
				040DD66119E5027E00AFD82E /* Frameworks */,
				040DD66219E5027E00AFD82E /* Resources */,
			);
			buildRules = (
			);
			dependencies = (
			);
			name = iosapp;
			productName = iosapp;
			productReference = 040DD66419E5027E00AFD82E /* iosapp.app */;
			productType = "com.apple.product-type.application";
		};
		040DD67C19E5027F00AFD82E /* iosappTests */ = {
			isa = PBXNativeTarget;
			buildConfigurationList = 040DD68A19E5027F00AFD82E /* Build configuration list for PBXNativeTarget "iosappTests" */;
			buildPhases = (
				040DD67919E5027F00AFD82E /* Sources */,
				040DD67A19E5027F00AFD82E /* Frameworks */,
				040DD67B19E5027F00AFD82E /* Resources */,
			);
			buildRules = (
			);
			dependencies = (
				040DD67F19E5027F00AFD82E /* PBXTargetDependency */,
			);
			name = iosappTests;
			productName = iosappTests;
			productReference = 040DD67D19E5027F00AFD82E /* iosappTests.xctest */;
			productType = "com.apple.product-type.bundle.unit-test";
		};
/* End PBXNativeTarget section */

/* Begin PBXProject section */
		040DD65C19E5027E00AFD82E /* Project object */ = {
			isa = PBXProject;
			attributes = {
				LastUpgradeCheck = 0600;
				ORGANIZATIONNAME = Kindhat;
				TargetAttributes = {
					040DD66319E5027E00AFD82E = {
						CreatedOnToolsVersion = 6.0.1;
					};
					040DD67C19E5027F00AFD82E = {
						CreatedOnToolsVersion = 6.0.1;
						TestTargetID = 040DD66319E5027E00AFD82E;
					};
				};
			};
			buildConfigurationList = 040DD65F19E5027E00AFD82E /* Build configuration list for PBXProject "iosapp" */;
			compatibilityVersion = "Xcode 3.2";
			developmentRegion = English;
			hasScannedForEncodings = 0;
			knownRegions = (
				en,
				Base,
				he,
			);
			mainGroup = 040DD65B19E5027E00AFD82E;
			productRefGroup = 040DD66519E5027E00AFD82E /* Products */;
			projectDirPath = "";
			projectRoot = "";
			targets = (
				040DD66319E5027E00AFD82E /* iosapp */,
				040DD67C19E5027F00AFD82E /* iosappTests */,
			);
		};
/* End PBXProject section */

/* Begin PBXResourcesBuildPhase section */
		040DD66219E5027E00AFD82E /* Resources */ = {
			isa = PBXResourcesBuildPhase;
			buildActionMask = 2147483647;
			files = (
				04944D2F1AAEADA4009CDB95 /* Icon-Small-50.png in Resources */,
				040DD67319E5027E00AFD82E /* Main.storyboard in Resources */,
				04944D301AAEADA4009CDB95 /* Icon-Small-50@2x.png in Resources */,
				04944D261AAEADA4009CDB95 /* Icon-60@2x.png in Resources */,
				04944D201AAEADA4009CDB95 /* background image 1536x2048.png in Resources */,
				04F990571AC5E73800B8C7BB /* orange pixel.png in Resources */,
				04F990561AC5E73800B8C7BB /* green pixel.png in Resources */,
				04944D2A1AAEADA4009CDB95 /* Icon-76.png in Resources */,
				04944D2E1AAEADA4009CDB95 /* Icon-Small-40@3x.png in Resources */,
				DB4C24361AC663310039495E /* Address.storyboard in Resources */,
				04944D2C1AAEADA4009CDB95 /* Icon-Small-40.png in Resources */,
				04F990551AC5E73800B8C7BB /* black translucent80.png in Resources */,
				04944D371AAEADA4009CDB95 /* launch image 1242x2208.png in Resources */,
				04944D311AAEADA4009CDB95 /* Icon-Small.png in Resources */,
				04944D411AAEADA4009CDB95 /* bell@2x.png in Resources */,
				04944D421AAEADA4009CDB95 /* hat filled@2x.png in Resources */,
				04944D451AAEADA4009CDB95 /* heart@2x.png in Resources */,
				04944D2D1AAEADA4009CDB95 /* Icon-Small-40@2x.png in Resources */,
				04944D3E1AAEADA4009CDB95 /* add user outline@2x.png in Resources */,
				04944D381AAEADA4009CDB95 /* launch image 1536x2048.png in Resources */,
				04944D211AAEADA4009CDB95 /* background image 750x1334.png in Resources */,
				04944D481AAEADA4009CDB95 /* user filled@2x.png in Resources */,
				04944D3D1AAEADA4009CDB95 /* launch image.png in Resources */,
				04944D461AAEADA4009CDB95 /* tree filled@2x.png in Resources */,
				04944D3C1AAEADA4009CDB95 /* launch image 768x1024.png in Resources */,
				04944D431AAEADA4009CDB95 /* hat@2x.png in Resources */,
				04944D441AAEADA4009CDB95 /* heart filled@2x.png in Resources */,
				04944D341AAEADA4009CDB95 /* Icon.png in Resources */,
				04944D281AAEADA4009CDB95 /* Icon-72.png in Resources */,
				04F9904F1AC5E70600B8C7BB /* LaunchScreen.xib in Resources */,
				040DD67519E5027E00AFD82E /* Images.xcassets in Resources */,
				04944D251AAEADA4009CDB95 /* Icon-60.png in Resources */,
				04944D221AAEADA4009CDB95 /* blur background.jpg in Resources */,
				04944D231AAEADA4009CDB95 /* ghost button.png in Resources */,
				04944D241AAEADA4009CDB95 /* puppies in hats.jpg in Resources */,
				04944D3B1AAEADA4009CDB95 /* launch image 750x1334.png in Resources */,
				04944D471AAEADA4009CDB95 /* tree@2x.png in Resources */,
				04944D351AAEADA4009CDB95 /* Icon@2x.png in Resources */,
				04944D3A1AAEADA4009CDB95 /* launch image 640x960.png in Resources */,
				04944D271AAEADA4009CDB95 /* Icon-60@3x.png in Resources */,
				04944D331AAEADA4009CDB95 /* Icon-Small@3x.png in Resources */,
				04944D3F1AAEADA4009CDB95 /* add users@2x.png in Resources */,
				04F990541AC5E73800B8C7BB /* black translucent.png in Resources */,
				04944D2B1AAEADA4009CDB95 /* Icon-76@2x.png in Resources */,
				04944D361AAEADA4009CDB95 /* iTunesArtwork@2x.png in Resources */,
				04944D291AAEADA4009CDB95 /* Icon-72@2x.png in Resources */,
				04944D321AAEADA4009CDB95 /* Icon-Small@2x.png in Resources */,
				04944D491AAEADA4009CDB95 /* user@2x.png in Resources */,
				04944D401AAEADA4009CDB95 /* bell filled@2x.png in Resources */,
				04944D391AAEADA4009CDB95 /* launch image 640x136.png in Resources */,
			);
			runOnlyForDeploymentPostprocessing = 0;
		};
		040DD67B19E5027F00AFD82E /* Resources */ = {
			isa = PBXResourcesBuildPhase;
			buildActionMask = 2147483647;
			files = (
			);
			runOnlyForDeploymentPostprocessing = 0;
		};
/* End PBXResourcesBuildPhase section */

/* Begin PBXSourcesBuildPhase section */
		040DD66019E5027E00AFD82E /* Sources */ = {
			isa = PBXSourcesBuildPhase;
			buildActionMask = 2147483647;
			files = (
				04918A7019FACDE900136F9D /* KHLoginUIViewController.m in Sources */,
				04918A7719FADD5700136F9D /* KHBorrowItemUIViewController.m in Sources */,
				0495CEDB19F59D4D0046FB4D /* KHUser.m in Sources */,
				0459096E1A0448F0006764CB /* KHMeUIViewController.m in Sources */,
				0481CB2E19FD5462002E7A4F /* KHMainUITabBarController.m in Sources */,
				040DD66D19E5027E00AFD82E /* KHAppDelegate.m in Sources */,
				04944CCF1AA79BDC009CDB95 /* KHReturnDateUIViewController.m in Sources */,
				04944CCC1AA798B8009CDB95 /* KHBorrowDateUIViewController.m in Sources */,
				0465B14E1AA63B1900482DD5 /* KHRequest.m in Sources */,
				04F990631AC61CDE00B8C7BB /* KHGoogleGeoCodingGeometry.m in Sources */,
				040DD66A19E5027E00AFD82E /* main.m in Sources */,
				04F9905D1AC6166900B8C7BB /* KHGoogleGeoCodingAddressResult.m in Sources */,
				04944CF01AAA5990009CDB95 /* KHApiAppIdNamespace.m in Sources */,
				04F990691AC6219E00B8C7BB /* KHGoogleGeoCodingViewport.m in Sources */,
				0481CB301A03152C002E7A4F /* KHExternalIdType.m in Sources */,
				04F9905A1AC6133500B8C7BB /* KHGoogleGeoCodingAddressResults.m in Sources */,
				04F990661AC61DD900B8C7BB /* KHGoogleGeoCodingCoordinate.m in Sources */,
				043354C219E994090047FEDF /* KHRestfulUrls.m in Sources */,
				04F990601AC6193C00B8C7BB /* KHGoogleGeoCodingAddressComponent.m in Sources */,
				04930B461A1EF59D000BD42C /* KHApiKey.m in Sources */,
				04944CD21AA79D3E009CDB95 /* KHSendRequestUIViewController.m in Sources */,
				04944CED1AA91012009CDB95 /* KHBorrowMessageUIViewController.m in Sources */,
				043354C519E999CA0047FEDF /* KHController.m in Sources */,
				044AB82C1A87F1F00012B2EB /* KHConfiguration.m in Sources */,
			);
			runOnlyForDeploymentPostprocessing = 0;
		};
		040DD67919E5027F00AFD82E /* Sources */ = {
			isa = PBXSourcesBuildPhase;
			buildActionMask = 2147483647;
			files = (
				040DD68419E5027F00AFD82E /* iosappTests.m in Sources */,
			);
			runOnlyForDeploymentPostprocessing = 0;
		};
/* End PBXSourcesBuildPhase section */

/* Begin PBXTargetDependency section */
		040DD67F19E5027F00AFD82E /* PBXTargetDependency */ = {
			isa = PBXTargetDependency;
			target = 040DD66319E5027E00AFD82E /* iosapp */;
			targetProxy = 040DD67E19E5027F00AFD82E /* PBXContainerItemProxy */;
		};
/* End PBXTargetDependency section */

/* Begin PBXVariantGroup section */
		040DD67119E5027E00AFD82E /* Main.storyboard */ = {
			isa = PBXVariantGroup;
			children = (
				040DD67219E5027E00AFD82E /* Base */,
			);
			name = Main.storyboard;
			sourceTree = "<group>";
		};
/* End PBXVariantGroup section */

/* Begin XCBuildConfiguration section */
		040DD68519E5027F00AFD82E /* Debug */ = {
			isa = XCBuildConfiguration;
			buildSettings = {
				ALWAYS_SEARCH_USER_PATHS = NO;
				CLANG_CXX_LANGUAGE_STANDARD = "gnu++0x";
				CLANG_CXX_LIBRARY = "libc++";
				CLANG_ENABLE_MODULES = YES;
				CLANG_ENABLE_OBJC_ARC = YES;
				CLANG_WARN_BOOL_CONVERSION = YES;
				CLANG_WARN_CONSTANT_CONVERSION = YES;
				CLANG_WARN_DIRECT_OBJC_ISA_USAGE = YES_ERROR;
				CLANG_WARN_EMPTY_BODY = YES;
				CLANG_WARN_ENUM_CONVERSION = YES;
				CLANG_WARN_INT_CONVERSION = YES;
				CLANG_WARN_OBJC_ROOT_CLASS = YES_ERROR;
				CLANG_WARN_UNREACHABLE_CODE = YES;
				CLANG_WARN__DUPLICATE_METHOD_MATCH = YES;
				"CODE_SIGN_IDENTITY[sdk=iphoneos*]" = "iPhone Developer";
				COPY_PHASE_STRIP = NO;
				ENABLE_STRICT_OBJC_MSGSEND = YES;
				GCC_C_LANGUAGE_STANDARD = gnu99;
				GCC_DYNAMIC_NO_PIC = NO;
				GCC_OPTIMIZATION_LEVEL = 0;
				GCC_PREPROCESSOR_DEFINITIONS = (
					"DEBUG=1",
					"$(inherited)",
				);
				GCC_SYMBOLS_PRIVATE_EXTERN = NO;
				GCC_WARN_64_TO_32_BIT_CONVERSION = YES;
				GCC_WARN_ABOUT_RETURN_TYPE = YES_ERROR;
				GCC_WARN_UNDECLARED_SELECTOR = YES;
				GCC_WARN_UNINITIALIZED_AUTOS = YES_AGGRESSIVE;
				GCC_WARN_UNUSED_FUNCTION = YES;
				GCC_WARN_UNUSED_VARIABLE = YES;
				IPHONEOS_DEPLOYMENT_TARGET = 8.0;
				MTL_ENABLE_DEBUG_INFO = YES;
				ONLY_ACTIVE_ARCH = YES;
				SDKROOT = iphoneos;
			};
			name = Debug;
		};
		040DD68619E5027F00AFD82E /* Release */ = {
			isa = XCBuildConfiguration;
			buildSettings = {
				ALWAYS_SEARCH_USER_PATHS = NO;
				CLANG_CXX_LANGUAGE_STANDARD = "gnu++0x";
				CLANG_CXX_LIBRARY = "libc++";
				CLANG_ENABLE_MODULES = YES;
				CLANG_ENABLE_OBJC_ARC = YES;
				CLANG_WARN_BOOL_CONVERSION = YES;
				CLANG_WARN_CONSTANT_CONVERSION = YES;
				CLANG_WARN_DIRECT_OBJC_ISA_USAGE = YES_ERROR;
				CLANG_WARN_EMPTY_BODY = YES;
				CLANG_WARN_ENUM_CONVERSION = YES;
				CLANG_WARN_INT_CONVERSION = YES;
				CLANG_WARN_OBJC_ROOT_CLASS = YES_ERROR;
				CLANG_WARN_UNREACHABLE_CODE = YES;
				CLANG_WARN__DUPLICATE_METHOD_MATCH = YES;
				"CODE_SIGN_IDENTITY[sdk=iphoneos*]" = "iPhone Developer";
				COPY_PHASE_STRIP = YES;
				ENABLE_NS_ASSERTIONS = NO;
				ENABLE_STRICT_OBJC_MSGSEND = YES;
				GCC_C_LANGUAGE_STANDARD = gnu99;
				GCC_WARN_64_TO_32_BIT_CONVERSION = YES;
				GCC_WARN_ABOUT_RETURN_TYPE = YES_ERROR;
				GCC_WARN_UNDECLARED_SELECTOR = YES;
				GCC_WARN_UNINITIALIZED_AUTOS = YES_AGGRESSIVE;
				GCC_WARN_UNUSED_FUNCTION = YES;
				GCC_WARN_UNUSED_VARIABLE = YES;
				IPHONEOS_DEPLOYMENT_TARGET = 8.0;
				MTL_ENABLE_DEBUG_INFO = NO;
				SDKROOT = iphoneos;
				VALIDATE_PRODUCT = YES;
			};
			name = Release;
		};
		040DD68819E5027F00AFD82E /* Debug */ = {
			isa = XCBuildConfiguration;
			buildSettings = {
				ALWAYS_SEARCH_USER_PATHS = NO;
				ASSETCATALOG_COMPILER_APPICON_NAME = AppIcon;
				FRAMEWORK_SEARCH_PATHS = (
					"$(inherited)",
					"$(PROJECT_DIR)/**",
				);
				INFOPLIST_FILE = "iosapp/Supporting Files/Info.plist";
				LD_RUNPATH_SEARCH_PATHS = "$(inherited) $(PROJECT_DIR)";
				LIBRARY_SEARCH_PATHS = "$(inherited)";
				PRODUCT_NAME = "$(TARGET_NAME)";
				TARGETED_DEVICE_FAMILY = "1,2";
			};
			name = Debug;
		};
		040DD68919E5027F00AFD82E /* Release */ = {
			isa = XCBuildConfiguration;
			buildSettings = {
				ALWAYS_SEARCH_USER_PATHS = NO;
				ASSETCATALOG_COMPILER_APPICON_NAME = AppIcon;
				FRAMEWORK_SEARCH_PATHS = (
					"$(inherited)",
					"$(PROJECT_DIR)/**",
				);
				INFOPLIST_FILE = "iosapp/Supporting Files/Info.plist";
				LD_RUNPATH_SEARCH_PATHS = "$(inherited) $(PROJECT_DIR)";
				LIBRARY_SEARCH_PATHS = "$(inherited)";
				PRODUCT_NAME = "$(TARGET_NAME)";
				TARGETED_DEVICE_FAMILY = "1,2";
			};
			name = Release;
		};
		040DD68B19E5027F00AFD82E /* Debug */ = {
			isa = XCBuildConfiguration;
			buildSettings = {
				BUNDLE_LOADER = "$(TEST_HOST)";
				FRAMEWORK_SEARCH_PATHS = (
					"$(SDKROOT)/Developer/Library/Frameworks",
					"$(inherited)",
				);
				GCC_PREPROCESSOR_DEFINITIONS = (
					"DEBUG=1",
					"$(inherited)",
				);
				INFOPLIST_FILE = iosappTests/Info.plist;
				LD_RUNPATH_SEARCH_PATHS = "$(inherited) @executable_path/Frameworks @loader_path/Frameworks";
				PRODUCT_NAME = "$(TARGET_NAME)";
				TEST_HOST = "$(BUILT_PRODUCTS_DIR)/iosapp.app/iosapp";
			};
			name = Debug;
		};
		040DD68C19E5027F00AFD82E /* Release */ = {
			isa = XCBuildConfiguration;
			buildSettings = {
				BUNDLE_LOADER = "$(TEST_HOST)";
				FRAMEWORK_SEARCH_PATHS = (
					"$(SDKROOT)/Developer/Library/Frameworks",
					"$(inherited)",
				);
				INFOPLIST_FILE = iosappTests/Info.plist;
				LD_RUNPATH_SEARCH_PATHS = "$(inherited) @executable_path/Frameworks @loader_path/Frameworks";
				PRODUCT_NAME = "$(TARGET_NAME)";
				TEST_HOST = "$(BUILT_PRODUCTS_DIR)/iosapp.app/iosapp";
			};
			name = Release;
		};
/* End XCBuildConfiguration section */

/* Begin XCConfigurationList section */
		040DD65F19E5027E00AFD82E /* Build configuration list for PBXProject "iosapp" */ = {
			isa = XCConfigurationList;
			buildConfigurations = (
				040DD68519E5027F00AFD82E /* Debug */,
				040DD68619E5027F00AFD82E /* Release */,
			);
			defaultConfigurationIsVisible = 0;
			defaultConfigurationName = Release;
		};
		040DD68719E5027F00AFD82E /* Build configuration list for PBXNativeTarget "iosapp" */ = {
			isa = XCConfigurationList;
			buildConfigurations = (
				040DD68819E5027F00AFD82E /* Debug */,
				040DD68919E5027F00AFD82E /* Release */,
			);
			defaultConfigurationIsVisible = 0;
			defaultConfigurationName = Release;
		};
		040DD68A19E5027F00AFD82E /* Build configuration list for PBXNativeTarget "iosappTests" */ = {
			isa = XCConfigurationList;
			buildConfigurations = (
				040DD68B19E5027F00AFD82E /* Debug */,
				040DD68C19E5027F00AFD82E /* Release */,
			);
			defaultConfigurationIsVisible = 0;
			defaultConfigurationName = Release;
		};
/* End XCConfigurationList section */
	};
	rootObject = 040DD65C19E5027E00AFD82E /* Project object */;
}
