// !$*UTF8*$!
{
	archiveVersion = 1;
	classes = {
	};
	objectVersion = 46;
	objects = {

/* Begin PBXBuildFile section */
		040DD66A19E5027E00AFD82E /* main.m in Sources */ = {isa = PBXBuildFile; fileRef = 040DD66919E5027E00AFD82E /* main.m */; };
		040DD66D19E5027E00AFD82E /* KHAppDelegate.m in Sources */ = {isa = PBXBuildFile; fileRef = 040DD66C19E5027E00AFD82E /* KHAppDelegate.m */; };
		040DD67319E5027E00AFD82E /* Main.storyboard in Resources */ = {isa = PBXBuildFile; fileRef = 040DD67119E5027E00AFD82E /* Main.storyboard */; };
		040DD67519E5027E00AFD82E /* Images.xcassets in Resources */ = {isa = PBXBuildFile; fileRef = 040DD67419E5027E00AFD82E /* Images.xcassets */; };
		040DD67819E5027E00AFD82E /* LaunchScreen.xib in Resources */ = {isa = PBXBuildFile; fileRef = 040DD67619E5027E00AFD82E /* LaunchScreen.xib */; };
		040DD68419E5027F00AFD82E /* iosappTests.m in Sources */ = {isa = PBXBuildFile; fileRef = 040DD68319E5027F00AFD82E /* iosappTests.m */; };
		043354C219E994090047FEDF /* KHRestfulUrls.m in Sources */ = {isa = PBXBuildFile; fileRef = 043354C119E994090047FEDF /* KHRestfulUrls.m */; };
		043354C519E999CA0047FEDF /* KHController.m in Sources */ = {isa = PBXBuildFile; fileRef = 043354C419E999CA0047FEDF /* KHController.m */; };
		044AB82C1A87F1F00012B2EB /* KHConfiguration.m in Sources */ = {isa = PBXBuildFile; fileRef = 044AB82B1A87F1F00012B2EB /* KHConfiguration.m */; };
		044AB8481A89CF5A0012B2EB /* kindhat century gothic white.png in Resources */ = {isa = PBXBuildFile; fileRef = 044AB82E1A89CF5A0012B2EB /* kindhat century gothic white.png */; };
		044AB8491A89CF5A0012B2EB /* Kindhat Launch image green gradient 1536x2048.png in Resources */ = {isa = PBXBuildFile; fileRef = 044AB8311A89CF5A0012B2EB /* Kindhat Launch image green gradient 1536x2048.png */; };
		044AB84A1A89CF5A0012B2EB /* Kindhat Launch image green gradient 1536x2048.psd in Resources */ = {isa = PBXBuildFile; fileRef = 044AB8321A89CF5A0012B2EB /* Kindhat Launch image green gradient 1536x2048.psd */; };
		044AB84B1A89CF5A0012B2EB /* Kindhat Launch image green gradient 640x960.png in Resources */ = {isa = PBXBuildFile; fileRef = 044AB8331A89CF5A0012B2EB /* Kindhat Launch image green gradient 640x960.png */; };
		044AB84C1A89CF5A0012B2EB /* Kindhat logo arial.png in Resources */ = {isa = PBXBuildFile; fileRef = 044AB8341A89CF5A0012B2EB /* Kindhat logo arial.png */; };
		044AB84D1A89CF5A0012B2EB /* Kindhat Launch image grey gradient 1536x2048.png in Resources */ = {isa = PBXBuildFile; fileRef = 044AB8361A89CF5A0012B2EB /* Kindhat Launch image grey gradient 1536x2048.png */; };
		044AB84E1A89CF5A0012B2EB /* Kindhat Launch image grey gradient 640x960.png in Resources */ = {isa = PBXBuildFile; fileRef = 044AB8371A89CF5A0012B2EB /* Kindhat Launch image grey gradient 640x960.png */; };
		044AB84F1A89CF5A0012B2EB /* Kindhat Launch image grey gradient 768x1024.png in Resources */ = {isa = PBXBuildFile; fileRef = 044AB8381A89CF5A0012B2EB /* Kindhat Launch image grey gradient 768x1024.png */; };
		044AB8501A89CF5A0012B2EB /* Kindhat Launch image white 1242x2208.png in Resources */ = {isa = PBXBuildFile; fileRef = 044AB83A1A89CF5A0012B2EB /* Kindhat Launch image white 1242x2208.png */; };
		044AB8511A89CF5A0012B2EB /* Kindhat Launch image white 1536x2048.png in Resources */ = {isa = PBXBuildFile; fileRef = 044AB83B1A89CF5A0012B2EB /* Kindhat Launch image white 1536x2048.png */; };
		044AB8521A89CF5A0012B2EB /* Kindhat Launch image white 640x1136.png in Resources */ = {isa = PBXBuildFile; fileRef = 044AB83C1A89CF5A0012B2EB /* Kindhat Launch image white 640x1136.png */; };
		044AB8531A89CF5A0012B2EB /* Kindhat Launch image white 640x960.png in Resources */ = {isa = PBXBuildFile; fileRef = 044AB83D1A89CF5A0012B2EB /* Kindhat Launch image white 640x960.png */; };
		044AB8541A89CF5A0012B2EB /* Kindhat Launch image white 750x1334.png in Resources */ = {isa = PBXBuildFile; fileRef = 044AB83E1A89CF5A0012B2EB /* Kindhat Launch image white 750x1334.png */; };
		044AB8551A89CF5A0012B2EB /* Kindhat Launch image white 768x1024.png in Resources */ = {isa = PBXBuildFile; fileRef = 044AB83F1A89CF5A0012B2EB /* Kindhat Launch image white 768x1024.png */; };
		044AB8561A89CF5A0012B2EB /* Kindhat Launch white hat on d 1242x2208.png in Resources */ = {isa = PBXBuildFile; fileRef = 044AB8411A89CF5A0012B2EB /* Kindhat Launch white hat on d 1242x2208.png */; };
		044AB8571A89CF5A0012B2EB /* Kindhat Launch white hat on d 1536x2048.png in Resources */ = {isa = PBXBuildFile; fileRef = 044AB8421A89CF5A0012B2EB /* Kindhat Launch white hat on d 1536x2048.png */; };
		044AB8581A89CF5A0012B2EB /* Kindhat Launch white hat on d 1536x2048.psd in Resources */ = {isa = PBXBuildFile; fileRef = 044AB8431A89CF5A0012B2EB /* Kindhat Launch white hat on d 1536x2048.psd */; };
		044AB8591A89CF5A0012B2EB /* Kindhat Launch white hat on d 640x1136.png in Resources */ = {isa = PBXBuildFile; fileRef = 044AB8441A89CF5A0012B2EB /* Kindhat Launch white hat on d 640x1136.png */; };
		044AB85A1A89CF5A0012B2EB /* Kindhat Launch white hat on d 640x960.png in Resources */ = {isa = PBXBuildFile; fileRef = 044AB8451A89CF5A0012B2EB /* Kindhat Launch white hat on d 640x960.png */; };
		044AB85B1A89CF5A0012B2EB /* Kindhat Launch white hat on d 750x1334.png in Resources */ = {isa = PBXBuildFile; fileRef = 044AB8461A89CF5A0012B2EB /* Kindhat Launch white hat on d 750x1334.png */; };
		044AB85C1A89CF5A0012B2EB /* Kindhat Launch white hat on d 768x1024.png in Resources */ = {isa = PBXBuildFile; fileRef = 044AB8471A89CF5A0012B2EB /* Kindhat Launch white hat on d 768x1024.png */; };
		044AB85F1A89D0C20012B2EB /* Blur background.jpg in Resources */ = {isa = PBXBuildFile; fileRef = 044AB85D1A89D0C20012B2EB /* Blur background.jpg */; };
		044AB8601A89D0C20012B2EB /* Ghost Button.png in Resources */ = {isa = PBXBuildFile; fileRef = 044AB85E1A89D0C20012B2EB /* Ghost Button.png */; };
		044AB8751A89D1580012B2EB /* Icon-60.png in Resources */ = {isa = PBXBuildFile; fileRef = 044AB8631A89D1580012B2EB /* Icon-60.png */; };
		044AB8761A89D1580012B2EB /* Icon-60@2x.png in Resources */ = {isa = PBXBuildFile; fileRef = 044AB8641A89D1580012B2EB /* Icon-60@2x.png */; };
		044AB8771A89D1580012B2EB /* Icon-60@3x.png in Resources */ = {isa = PBXBuildFile; fileRef = 044AB8651A89D1580012B2EB /* Icon-60@3x.png */; };
		044AB8781A89D1580012B2EB /* Icon-72.png in Resources */ = {isa = PBXBuildFile; fileRef = 044AB8661A89D1580012B2EB /* Icon-72.png */; };
		044AB8791A89D1580012B2EB /* Icon-72@2x.png in Resources */ = {isa = PBXBuildFile; fileRef = 044AB8671A89D1580012B2EB /* Icon-72@2x.png */; };
		044AB87A1A89D1580012B2EB /* Icon-76.png in Resources */ = {isa = PBXBuildFile; fileRef = 044AB8681A89D1580012B2EB /* Icon-76.png */; };
		044AB87B1A89D1580012B2EB /* Icon-76@2x.png in Resources */ = {isa = PBXBuildFile; fileRef = 044AB8691A89D1580012B2EB /* Icon-76@2x.png */; };
		044AB87C1A89D1580012B2EB /* Icon-Small-40.png in Resources */ = {isa = PBXBuildFile; fileRef = 044AB86A1A89D1580012B2EB /* Icon-Small-40.png */; };
		044AB87D1A89D1580012B2EB /* Icon-Small-40@2x.png in Resources */ = {isa = PBXBuildFile; fileRef = 044AB86B1A89D1580012B2EB /* Icon-Small-40@2x.png */; };
		044AB87E1A89D1580012B2EB /* Icon-Small-40@3x.png in Resources */ = {isa = PBXBuildFile; fileRef = 044AB86C1A89D1580012B2EB /* Icon-Small-40@3x.png */; };
		044AB87F1A89D1580012B2EB /* Icon-Small-50.png in Resources */ = {isa = PBXBuildFile; fileRef = 044AB86D1A89D1580012B2EB /* Icon-Small-50.png */; };
		044AB8801A89D1580012B2EB /* Icon-Small-50@2x.png in Resources */ = {isa = PBXBuildFile; fileRef = 044AB86E1A89D1580012B2EB /* Icon-Small-50@2x.png */; };
		044AB8811A89D1580012B2EB /* Icon-Small.png in Resources */ = {isa = PBXBuildFile; fileRef = 044AB86F1A89D1580012B2EB /* Icon-Small.png */; };
		044AB8821A89D1580012B2EB /* Icon-Small@2x.png in Resources */ = {isa = PBXBuildFile; fileRef = 044AB8701A89D1580012B2EB /* Icon-Small@2x.png */; };
		044AB8831A89D1580012B2EB /* Icon-Small@3x.png in Resources */ = {isa = PBXBuildFile; fileRef = 044AB8711A89D1580012B2EB /* Icon-Small@3x.png */; };
		044AB8841A89D1580012B2EB /* Icon.png in Resources */ = {isa = PBXBuildFile; fileRef = 044AB8721A89D1580012B2EB /* Icon.png */; };
		044AB8851A89D1580012B2EB /* Icon@2x.png in Resources */ = {isa = PBXBuildFile; fileRef = 044AB8731A89D1580012B2EB /* Icon@2x.png */; };
		044AB8861A89D1580012B2EB /* iTunesArtwork@2x.png in Resources */ = {isa = PBXBuildFile; fileRef = 044AB8741A89D1580012B2EB /* iTunesArtwork@2x.png */; };
		044AB8891A89E4040012B2EB /* FacebookSDK.framework in Frameworks */ = {isa = PBXBuildFile; fileRef = 044AB8881A89E4040012B2EB /* FacebookSDK.framework */; };
		0459096E1A0448F0006764CB /* KHMeUIViewController.m in Sources */ = {isa = PBXBuildFile; fileRef = 0459096D1A0448F0006764CB /* KHMeUIViewController.m */; };
		0481CB2E19FD5462002E7A4F /* KHMainUITabBarController.m in Sources */ = {isa = PBXBuildFile; fileRef = 0481CB2D19FD5462002E7A4F /* KHMainUITabBarController.m */; };
		0481CB301A03152C002E7A4F /* KHExternalIdType.m in Sources */ = {isa = PBXBuildFile; fileRef = 0481CB2F1A03152C002E7A4F /* KHExternalIdType.m */; };
		04918A7019FACDE900136F9D /* KHLoginUIViewController.m in Sources */ = {isa = PBXBuildFile; fileRef = 04918A6F19FACDE900136F9D /* KHLoginUIViewController.m */; };
		04918A7719FADD5700136F9D /* KHBorrowUIViewController.m in Sources */ = {isa = PBXBuildFile; fileRef = 04918A7619FADD5700136F9D /* KHBorrowUIViewController.m */; };
		04930B461A1EF59D000BD42C /* KHApiKey.m in Sources */ = {isa = PBXBuildFile; fileRef = 04930B451A1EF59D000BD42C /* KHApiKey.m */; };
		0495CEDB19F59D4D0046FB4D /* KHUser.m in Sources */ = {isa = PBXBuildFile; fileRef = 0495CEDA19F59D4D0046FB4D /* KHUser.m */; };
		0495CEDD19F5ABEF0046FB4D /* Default-568h@2x.png in Resources */ = {isa = PBXBuildFile; fileRef = 0495CEDC19F5ABEF0046FB4D /* Default-568h@2x.png */; };
		DB3BB3F91A9C2A9700ABA516 /* BackgroundImageView2.png in Resources */ = {isa = PBXBuildFile; fileRef = DB3BB3F81A9C2A9700ABA516 /* BackgroundImageView2.png */; };
		DB3BB3FB1A9C30CB00ABA516 /* BackgroundImage.xcassets in Resources */ = {isa = PBXBuildFile; fileRef = DB3BB3FA1A9C30CB00ABA516 /* BackgroundImage.xcassets */; };
		DBC4A2D51A9BE908005C7139 /* Add user outline@2x.png in Resources */ = {isa = PBXBuildFile; fileRef = DBC4A2C91A9BE908005C7139 /* Add user outline@2x.png */; };
		DBC4A2D61A9BE908005C7139 /* Add users@2x.png in Resources */ = {isa = PBXBuildFile; fileRef = DBC4A2CA1A9BE908005C7139 /* Add users@2x.png */; };
		DBC4A2D71A9BE908005C7139 /* bell Filled@2x.png in Resources */ = {isa = PBXBuildFile; fileRef = DBC4A2CB1A9BE908005C7139 /* bell Filled@2x.png */; };
		DBC4A2D81A9BE908005C7139 /* bell@2x.png in Resources */ = {isa = PBXBuildFile; fileRef = DBC4A2CC1A9BE908005C7139 /* bell@2x.png */; };
		DBC4A2D91A9BE908005C7139 /* hat filled@2x.png in Resources */ = {isa = PBXBuildFile; fileRef = DBC4A2CD1A9BE908005C7139 /* hat filled@2x.png */; };
		DBC4A2DA1A9BE908005C7139 /* hat@2x.png in Resources */ = {isa = PBXBuildFile; fileRef = DBC4A2CE1A9BE908005C7139 /* hat@2x.png */; };
		DBC4A2DB1A9BE908005C7139 /* heart filled@2x.png in Resources */ = {isa = PBXBuildFile; fileRef = DBC4A2CF1A9BE908005C7139 /* heart filled@2x.png */; };
		DBC4A2DC1A9BE908005C7139 /* heart@2x.png in Resources */ = {isa = PBXBuildFile; fileRef = DBC4A2D01A9BE908005C7139 /* heart@2x.png */; };
		DBC4A2DD1A9BE908005C7139 /* tree filled@2x.png in Resources */ = {isa = PBXBuildFile; fileRef = DBC4A2D11A9BE908005C7139 /* tree filled@2x.png */; };
		DBC4A2DE1A9BE908005C7139 /* tree@2x.png in Resources */ = {isa = PBXBuildFile; fileRef = DBC4A2D21A9BE908005C7139 /* tree@2x.png */; };
		DBC4A2DF1A9BE908005C7139 /* user filled@2x.png in Resources */ = {isa = PBXBuildFile; fileRef = DBC4A2D31A9BE908005C7139 /* user filled@2x.png */; };
		DBC4A2E01A9BE908005C7139 /* user@2x.png in Resources */ = {isa = PBXBuildFile; fileRef = DBC4A2D41A9BE908005C7139 /* user@2x.png */; };
		DBC5BB2E1A9C257B00EBC991 /* BackgroundImageView.png in Resources */ = {isa = PBXBuildFile; fileRef = DBC5BB2D1A9C257B00EBC991 /* BackgroundImageView.png */; };
/* End PBXBuildFile section */

/* Begin PBXContainerItemProxy section */
		040DD67E19E5027F00AFD82E /* PBXContainerItemProxy */ = {
			isa = PBXContainerItemProxy;
			containerPortal = 040DD65C19E5027E00AFD82E /* Project object */;
			proxyType = 1;
			remoteGlobalIDString = 040DD66319E5027E00AFD82E;
			remoteInfo = iosapp;
		};
/* End PBXContainerItemProxy section */

/* Begin PBXFileReference section */
		040DD66419E5027E00AFD82E /* iosapp.app */ = {isa = PBXFileReference; explicitFileType = wrapper.application; includeInIndex = 0; path = iosapp.app; sourceTree = BUILT_PRODUCTS_DIR; };
		040DD66819E5027E00AFD82E /* Info.plist */ = {isa = PBXFileReference; lastKnownFileType = text.plist.xml; path = Info.plist; sourceTree = "<group>"; };
		040DD66919E5027E00AFD82E /* main.m */ = {isa = PBXFileReference; lastKnownFileType = sourcecode.c.objc; path = main.m; sourceTree = "<group>"; };
		040DD66B19E5027E00AFD82E /* KHAppDelegate.h */ = {isa = PBXFileReference; lastKnownFileType = sourcecode.c.h; path = KHAppDelegate.h; sourceTree = "<group>"; };
		040DD66C19E5027E00AFD82E /* KHAppDelegate.m */ = {isa = PBXFileReference; lastKnownFileType = sourcecode.c.objc; path = KHAppDelegate.m; sourceTree = "<group>"; };
		040DD67219E5027E00AFD82E /* Base */ = {isa = PBXFileReference; lastKnownFileType = file.storyboard; name = Base; path = Base.lproj/Main.storyboard; sourceTree = "<group>"; };
		040DD67419E5027E00AFD82E /* Images.xcassets */ = {isa = PBXFileReference; lastKnownFileType = folder.assetcatalog; path = Images.xcassets; sourceTree = "<group>"; };
		040DD67719E5027E00AFD82E /* Base */ = {isa = PBXFileReference; lastKnownFileType = file.xib; name = Base; path = Base.lproj/LaunchScreen.xib; sourceTree = "<group>"; };
		040DD67D19E5027F00AFD82E /* iosappTests.xctest */ = {isa = PBXFileReference; explicitFileType = wrapper.cfbundle; includeInIndex = 0; path = iosappTests.xctest; sourceTree = BUILT_PRODUCTS_DIR; };
		040DD68219E5027F00AFD82E /* Info.plist */ = {isa = PBXFileReference; lastKnownFileType = text.plist.xml; path = Info.plist; sourceTree = "<group>"; };
		040DD68319E5027F00AFD82E /* iosappTests.m */ = {isa = PBXFileReference; lastKnownFileType = sourcecode.c.objc; path = iosappTests.m; sourceTree = "<group>"; };
		043354C119E994090047FEDF /* KHRestfulUrls.m */ = {isa = PBXFileReference; fileEncoding = 4; lastKnownFileType = sourcecode.c.objc; path = KHRestfulUrls.m; sourceTree = "<group>"; };
		043354C319E994280047FEDF /* KHRestfulUrls.h */ = {isa = PBXFileReference; fileEncoding = 4; lastKnownFileType = sourcecode.c.h; path = KHRestfulUrls.h; sourceTree = "<group>"; };
		043354C419E999CA0047FEDF /* KHController.m */ = {isa = PBXFileReference; fileEncoding = 4; lastKnownFileType = sourcecode.c.objc; path = KHController.m; sourceTree = "<group>"; };
		043354C619E9A01D0047FEDF /* KHController.h */ = {isa = PBXFileReference; fileEncoding = 4; lastKnownFileType = sourcecode.c.h; path = KHController.h; sourceTree = "<group>"; };
		044AB82A1A87F1660012B2EB /* KHConfiguration.h */ = {isa = PBXFileReference; fileEncoding = 4; lastKnownFileType = sourcecode.c.h; path = KHConfiguration.h; sourceTree = "<group>"; };
		044AB82B1A87F1F00012B2EB /* KHConfiguration.m */ = {isa = PBXFileReference; fileEncoding = 4; lastKnownFileType = sourcecode.c.objc; path = KHConfiguration.m; sourceTree = "<group>"; };
		044AB82E1A89CF5A0012B2EB /* kindhat century gothic white.png */ = {isa = PBXFileReference; lastKnownFileType = image.png; path = "kindhat century gothic white.png"; sourceTree = "<group>"; };
		044AB8311A89CF5A0012B2EB /* Kindhat Launch image green gradient 1536x2048.png */ = {isa = PBXFileReference; lastKnownFileType = image.png; path = "Kindhat Launch image green gradient 1536x2048.png"; sourceTree = "<group>"; };
		044AB8321A89CF5A0012B2EB /* Kindhat Launch image green gradient 1536x2048.psd */ = {isa = PBXFileReference; lastKnownFileType = file; path = "Kindhat Launch image green gradient 1536x2048.psd"; sourceTree = "<group>"; };
		044AB8331A89CF5A0012B2EB /* Kindhat Launch image green gradient 640x960.png */ = {isa = PBXFileReference; lastKnownFileType = image.png; path = "Kindhat Launch image green gradient 640x960.png"; sourceTree = "<group>"; };
		044AB8341A89CF5A0012B2EB /* Kindhat logo arial.png */ = {isa = PBXFileReference; lastKnownFileType = image.png; path = "Kindhat logo arial.png"; sourceTree = "<group>"; };
		044AB8361A89CF5A0012B2EB /* Kindhat Launch image grey gradient 1536x2048.png */ = {isa = PBXFileReference; lastKnownFileType = image.png; path = "Kindhat Launch image grey gradient 1536x2048.png"; sourceTree = "<group>"; };
		044AB8371A89CF5A0012B2EB /* Kindhat Launch image grey gradient 640x960.png */ = {isa = PBXFileReference; lastKnownFileType = image.png; path = "Kindhat Launch image grey gradient 640x960.png"; sourceTree = "<group>"; };
		044AB8381A89CF5A0012B2EB /* Kindhat Launch image grey gradient 768x1024.png */ = {isa = PBXFileReference; lastKnownFileType = image.png; path = "Kindhat Launch image grey gradient 768x1024.png"; sourceTree = "<group>"; };
		044AB83A1A89CF5A0012B2EB /* Kindhat Launch image white 1242x2208.png */ = {isa = PBXFileReference; lastKnownFileType = image.png; path = "Kindhat Launch image white 1242x2208.png"; sourceTree = "<group>"; };
		044AB83B1A89CF5A0012B2EB /* Kindhat Launch image white 1536x2048.png */ = {isa = PBXFileReference; lastKnownFileType = image.png; path = "Kindhat Launch image white 1536x2048.png"; sourceTree = "<group>"; };
		044AB83C1A89CF5A0012B2EB /* Kindhat Launch image white 640x1136.png */ = {isa = PBXFileReference; lastKnownFileType = image.png; path = "Kindhat Launch image white 640x1136.png"; sourceTree = "<group>"; };
		044AB83D1A89CF5A0012B2EB /* Kindhat Launch image white 640x960.png */ = {isa = PBXFileReference; lastKnownFileType = image.png; path = "Kindhat Launch image white 640x960.png"; sourceTree = "<group>"; };
		044AB83E1A89CF5A0012B2EB /* Kindhat Launch image white 750x1334.png */ = {isa = PBXFileReference; lastKnownFileType = image.png; path = "Kindhat Launch image white 750x1334.png"; sourceTree = "<group>"; };
		044AB83F1A89CF5A0012B2EB /* Kindhat Launch image white 768x1024.png */ = {isa = PBXFileReference; lastKnownFileType = image.png; path = "Kindhat Launch image white 768x1024.png"; sourceTree = "<group>"; };
		044AB8411A89CF5A0012B2EB /* Kindhat Launch white hat on d 1242x2208.png */ = {isa = PBXFileReference; lastKnownFileType = image.png; path = "Kindhat Launch white hat on d 1242x2208.png"; sourceTree = "<group>"; };
		044AB8421A89CF5A0012B2EB /* Kindhat Launch white hat on d 1536x2048.png */ = {isa = PBXFileReference; lastKnownFileType = image.png; path = "Kindhat Launch white hat on d 1536x2048.png"; sourceTree = "<group>"; };
		044AB8431A89CF5A0012B2EB /* Kindhat Launch white hat on d 1536x2048.psd */ = {isa = PBXFileReference; lastKnownFileType = file; path = "Kindhat Launch white hat on d 1536x2048.psd"; sourceTree = "<group>"; };
		044AB8441A89CF5A0012B2EB /* Kindhat Launch white hat on d 640x1136.png */ = {isa = PBXFileReference; lastKnownFileType = image.png; path = "Kindhat Launch white hat on d 640x1136.png"; sourceTree = "<group>"; };
		044AB8451A89CF5A0012B2EB /* Kindhat Launch white hat on d 640x960.png */ = {isa = PBXFileReference; lastKnownFileType = image.png; path = "Kindhat Launch white hat on d 640x960.png"; sourceTree = "<group>"; };
		044AB8461A89CF5A0012B2EB /* Kindhat Launch white hat on d 750x1334.png */ = {isa = PBXFileReference; lastKnownFileType = image.png; path = "Kindhat Launch white hat on d 750x1334.png"; sourceTree = "<group>"; };
		044AB8471A89CF5A0012B2EB /* Kindhat Launch white hat on d 768x1024.png */ = {isa = PBXFileReference; lastKnownFileType = image.png; path = "Kindhat Launch white hat on d 768x1024.png"; sourceTree = "<group>"; };
		044AB85D1A89D0C20012B2EB /* Blur background.jpg */ = {isa = PBXFileReference; lastKnownFileType = image.jpeg; path = "Blur background.jpg"; sourceTree = "<group>"; };
		044AB85E1A89D0C20012B2EB /* Ghost Button.png */ = {isa = PBXFileReference; lastKnownFileType = image.png; path = "Ghost Button.png"; sourceTree = "<group>"; };
		044AB8631A89D1580012B2EB /* Icon-60.png */ = {isa = PBXFileReference; lastKnownFileType = image.png; path = "Icon-60.png"; sourceTree = "<group>"; };
		044AB8641A89D1580012B2EB /* Icon-60@2x.png */ = {isa = PBXFileReference; lastKnownFileType = image.png; path = "Icon-60@2x.png"; sourceTree = "<group>"; };
		044AB8651A89D1580012B2EB /* Icon-60@3x.png */ = {isa = PBXFileReference; lastKnownFileType = image.png; path = "Icon-60@3x.png"; sourceTree = "<group>"; };
		044AB8661A89D1580012B2EB /* Icon-72.png */ = {isa = PBXFileReference; lastKnownFileType = image.png; path = "Icon-72.png"; sourceTree = "<group>"; };
		044AB8671A89D1580012B2EB /* Icon-72@2x.png */ = {isa = PBXFileReference; lastKnownFileType = image.png; path = "Icon-72@2x.png"; sourceTree = "<group>"; };
		044AB8681A89D1580012B2EB /* Icon-76.png */ = {isa = PBXFileReference; lastKnownFileType = image.png; path = "Icon-76.png"; sourceTree = "<group>"; };
		044AB8691A89D1580012B2EB /* Icon-76@2x.png */ = {isa = PBXFileReference; lastKnownFileType = image.png; path = "Icon-76@2x.png"; sourceTree = "<group>"; };
		044AB86A1A89D1580012B2EB /* Icon-Small-40.png */ = {isa = PBXFileReference; lastKnownFileType = image.png; path = "Icon-Small-40.png"; sourceTree = "<group>"; };
		044AB86B1A89D1580012B2EB /* Icon-Small-40@2x.png */ = {isa = PBXFileReference; lastKnownFileType = image.png; path = "Icon-Small-40@2x.png"; sourceTree = "<group>"; };
		044AB86C1A89D1580012B2EB /* Icon-Small-40@3x.png */ = {isa = PBXFileReference; lastKnownFileType = image.png; path = "Icon-Small-40@3x.png"; sourceTree = "<group>"; };
		044AB86D1A89D1580012B2EB /* Icon-Small-50.png */ = {isa = PBXFileReference; lastKnownFileType = image.png; path = "Icon-Small-50.png"; sourceTree = "<group>"; };
		044AB86E1A89D1580012B2EB /* Icon-Small-50@2x.png */ = {isa = PBXFileReference; lastKnownFileType = image.png; path = "Icon-Small-50@2x.png"; sourceTree = "<group>"; };
		044AB86F1A89D1580012B2EB /* Icon-Small.png */ = {isa = PBXFileReference; lastKnownFileType = image.png; path = "Icon-Small.png"; sourceTree = "<group>"; };
		044AB8701A89D1580012B2EB /* Icon-Small@2x.png */ = {isa = PBXFileReference; lastKnownFileType = image.png; path = "Icon-Small@2x.png"; sourceTree = "<group>"; };
		044AB8711A89D1580012B2EB /* Icon-Small@3x.png */ = {isa = PBXFileReference; lastKnownFileType = image.png; path = "Icon-Small@3x.png"; sourceTree = "<group>"; };
		044AB8721A89D1580012B2EB /* Icon.png */ = {isa = PBXFileReference; lastKnownFileType = image.png; path = Icon.png; sourceTree = "<group>"; };
		044AB8731A89D1580012B2EB /* Icon@2x.png */ = {isa = PBXFileReference; lastKnownFileType = image.png; path = "Icon@2x.png"; sourceTree = "<group>"; };
		044AB8741A89D1580012B2EB /* iTunesArtwork@2x.png */ = {isa = PBXFileReference; lastKnownFileType = image.png; path = "iTunesArtwork@2x.png"; sourceTree = "<group>"; };
		044AB8881A89E4040012B2EB /* FacebookSDK.framework */ = {isa = PBXFileReference; lastKnownFileType = wrapper.framework; name = FacebookSDK.framework; path = FacebookSDK/FacebookSDK.framework; sourceTree = "<group>"; };
		0459096D1A0448F0006764CB /* KHMeUIViewController.m */ = {isa = PBXFileReference; fileEncoding = 4; lastKnownFileType = sourcecode.c.objc; path = KHMeUIViewController.m; sourceTree = "<group>"; };
		0459096F1A04498C006764CB /* KHMeUIViewController.h */ = {isa = PBXFileReference; fileEncoding = 4; lastKnownFileType = sourcecode.c.h; path = KHMeUIViewController.h; sourceTree = "<group>"; };
		0481CB2B19FC17EE002E7A4F /* KHExternalIdType.h */ = {isa = PBXFileReference; fileEncoding = 4; lastKnownFileType = sourcecode.c.h; path = KHExternalIdType.h; sourceTree = "<group>"; };
		0481CB2C19FC197E002E7A4F /* KHMainUITabBarController.h */ = {isa = PBXFileReference; fileEncoding = 4; lastKnownFileType = sourcecode.c.h; path = KHMainUITabBarController.h; sourceTree = "<group>"; };
		0481CB2D19FD5462002E7A4F /* KHMainUITabBarController.m */ = {isa = PBXFileReference; fileEncoding = 4; lastKnownFileType = sourcecode.c.objc; path = KHMainUITabBarController.m; sourceTree = "<group>"; };
		0481CB2F1A03152C002E7A4F /* KHExternalIdType.m */ = {isa = PBXFileReference; fileEncoding = 4; lastKnownFileType = sourcecode.c.objc; path = KHExternalIdType.m; sourceTree = "<group>"; };
		04918A6E19FACDE900136F9D /* KHLoginUIViewController.h */ = {isa = PBXFileReference; fileEncoding = 4; lastKnownFileType = sourcecode.c.h; path = KHLoginUIViewController.h; sourceTree = "<group>"; };
		04918A6F19FACDE900136F9D /* KHLoginUIViewController.m */ = {isa = PBXFileReference; fileEncoding = 4; lastKnownFileType = sourcecode.c.objc; path = KHLoginUIViewController.m; sourceTree = "<group>"; };
		04918A7519FADD5700136F9D /* KHBorrowUIViewController.h */ = {isa = PBXFileReference; fileEncoding = 4; lastKnownFileType = sourcecode.c.h; path = KHBorrowUIViewController.h; sourceTree = "<group>"; };
		04918A7619FADD5700136F9D /* KHBorrowUIViewController.m */ = {isa = PBXFileReference; fileEncoding = 4; lastKnownFileType = sourcecode.c.objc; path = KHBorrowUIViewController.m; sourceTree = "<group>"; };
		04930B441A1EF39A000BD42C /* KHApiKey.h */ = {isa = PBXFileReference; fileEncoding = 4; lastKnownFileType = sourcecode.c.h; path = KHApiKey.h; sourceTree = "<group>"; };
		04930B451A1EF59D000BD42C /* KHApiKey.m */ = {isa = PBXFileReference; fileEncoding = 4; lastKnownFileType = sourcecode.c.objc; path = KHApiKey.m; sourceTree = "<group>"; };
		0495CED919F598920046FB4D /* KHUser.h */ = {isa = PBXFileReference; fileEncoding = 4; lastKnownFileType = sourcecode.c.h; path = KHUser.h; sourceTree = "<group>"; };
		0495CEDA19F59D4D0046FB4D /* KHUser.m */ = {isa = PBXFileReference; fileEncoding = 4; lastKnownFileType = sourcecode.c.objc; path = KHUser.m; sourceTree = "<group>"; };
		0495CEDC19F5ABEF0046FB4D /* Default-568h@2x.png */ = {isa = PBXFileReference; lastKnownFileType = image.png; path = "Default-568h@2x.png"; sourceTree = "<group>"; };
		DB3BB3F81A9C2A9700ABA516 /* BackgroundImageView2.png */ = {isa = PBXFileReference; lastKnownFileType = image.png; name = BackgroundImageView2.png; path = "../../../kindhat images/BackgroundImageView2.png"; sourceTree = "<group>"; };
		DB3BB3FA1A9C30CB00ABA516 /* BackgroundImage.xcassets */ = {isa = PBXFileReference; lastKnownFileType = folder.assetcatalog; path = BackgroundImage.xcassets; sourceTree = "<group>"; };
		DBC4A2C91A9BE908005C7139 /* Add user outline@2x.png */ = {isa = PBXFileReference; lastKnownFileType = image.png; path = "Add user outline@2x.png"; sourceTree = "<group>"; };
		DBC4A2CA1A9BE908005C7139 /* Add users@2x.png */ = {isa = PBXFileReference; lastKnownFileType = image.png; path = "Add users@2x.png"; sourceTree = "<group>"; };
		DBC4A2CB1A9BE908005C7139 /* bell Filled@2x.png */ = {isa = PBXFileReference; lastKnownFileType = image.png; path = "bell Filled@2x.png"; sourceTree = "<group>"; };
		DBC4A2CC1A9BE908005C7139 /* bell@2x.png */ = {isa = PBXFileReference; lastKnownFileType = image.png; path = "bell@2x.png"; sourceTree = "<group>"; };
		DBC4A2CD1A9BE908005C7139 /* hat filled@2x.png */ = {isa = PBXFileReference; lastKnownFileType = image.png; path = "hat filled@2x.png"; sourceTree = "<group>"; };
		DBC4A2CE1A9BE908005C7139 /* hat@2x.png */ = {isa = PBXFileReference; lastKnownFileType = image.png; path = "hat@2x.png"; sourceTree = "<group>"; };
		DBC4A2CF1A9BE908005C7139 /* heart filled@2x.png */ = {isa = PBXFileReference; lastKnownFileType = image.png; path = "heart filled@2x.png"; sourceTree = "<group>"; };
		DBC4A2D01A9BE908005C7139 /* heart@2x.png */ = {isa = PBXFileReference; lastKnownFileType = image.png; path = "heart@2x.png"; sourceTree = "<group>"; };
		DBC4A2D11A9BE908005C7139 /* tree filled@2x.png */ = {isa = PBXFileReference; lastKnownFileType = image.png; path = "tree filled@2x.png"; sourceTree = "<group>"; };
		DBC4A2D21A9BE908005C7139 /* tree@2x.png */ = {isa = PBXFileReference; lastKnownFileType = image.png; path = "tree@2x.png"; sourceTree = "<group>"; };
		DBC4A2D31A9BE908005C7139 /* user filled@2x.png */ = {isa = PBXFileReference; lastKnownFileType = image.png; path = "user filled@2x.png"; sourceTree = "<group>"; };
		DBC4A2D41A9BE908005C7139 /* user@2x.png */ = {isa = PBXFileReference; lastKnownFileType = image.png; path = "user@2x.png"; sourceTree = "<group>"; };
		DBC5BB2D1A9C257B00EBC991 /* BackgroundImageView.png */ = {isa = PBXFileReference; lastKnownFileType = image.png; name = BackgroundImageView.png; path = "../../../kindhat images/BackgroundImageView.png"; sourceTree = "<group>"; };
/* End PBXFileReference section */

/* Begin PBXFrameworksBuildPhase section */
		040DD66119E5027E00AFD82E /* Frameworks */ = {
			isa = PBXFrameworksBuildPhase;
			buildActionMask = 2147483647;
			files = (
				044AB8891A89E4040012B2EB /* FacebookSDK.framework in Frameworks */,
			);
			runOnlyForDeploymentPostprocessing = 0;
		};
		040DD67A19E5027F00AFD82E /* Frameworks */ = {
			isa = PBXFrameworksBuildPhase;
			buildActionMask = 2147483647;
			files = (
			);
			runOnlyForDeploymentPostprocessing = 0;
		};
/* End PBXFrameworksBuildPhase section */

/* Begin PBXGroup section */
		040DD65B19E5027E00AFD82E = {
			isa = PBXGroup;
			children = (
				044AB8881A89E4040012B2EB /* FacebookSDK.framework */,
				044AB8611A89D1580012B2EB /* Kindhat icon grey gradient square */,
				044AB82D1A89CF5A0012B2EB /* Kindhat ios images */,
				0495CEDC19F5ABEF0046FB4D /* Default-568h@2x.png */,
				040DD66619E5027E00AFD82E /* iosapp */,
				040DD68019E5027F00AFD82E /* iosappTests */,
				040DD66519E5027E00AFD82E /* Products */,
			);
			sourceTree = "<group>";
		};
		040DD66519E5027E00AFD82E /* Products */ = {
			isa = PBXGroup;
			children = (
				040DD66419E5027E00AFD82E /* iosapp.app */,
				040DD67D19E5027F00AFD82E /* iosappTests.xctest */,
			);
			name = Products;
			sourceTree = "<group>";
		};
		040DD66619E5027E00AFD82E /* iosapp */ = {
			isa = PBXGroup;
			children = (
				04918A6C19F9C62700136F9D /* Controllers */,
				0495CED819F597830046FB4D /* Models */,
				043354C019E9921E0047FEDF /* Utility */,
				040DD66B19E5027E00AFD82E /* KHAppDelegate.h */,
				040DD66C19E5027E00AFD82E /* KHAppDelegate.m */,
				040DD67119E5027E00AFD82E /* Main.storyboard */,
				DB3BB3FA1A9C30CB00ABA516 /* BackgroundImage.xcassets */,
				040DD67419E5027E00AFD82E /* Images.xcassets */,
				040DD67619E5027E00AFD82E /* LaunchScreen.xib */,
				040DD66719E5027E00AFD82E /* Supporting Files */,
			);
			path = iosapp;
			sourceTree = "<group>";
		};
		040DD66719E5027E00AFD82E /* Supporting Files */ = {
			isa = PBXGroup;
			children = (
				040DD66819E5027E00AFD82E /* Info.plist */,
				040DD66919E5027E00AFD82E /* main.m */,
			);
			path = "Supporting Files";
			sourceTree = "<group>";
		};
		040DD68019E5027F00AFD82E /* iosappTests */ = {
			isa = PBXGroup;
			children = (
				040DD68319E5027F00AFD82E /* iosappTests.m */,
				040DD68119E5027F00AFD82E /* Supporting Files */,
			);
			path = iosappTests;
			sourceTree = "<group>";
		};
		040DD68119E5027F00AFD82E /* Supporting Files */ = {
			isa = PBXGroup;
			children = (
				040DD68219E5027F00AFD82E /* Info.plist */,
			);
			name = "Supporting Files";
			sourceTree = "<group>";
		};
		043354C019E9921E0047FEDF /* Utility */ = {
			isa = PBXGroup;
			children = (
				043354C319E994280047FEDF /* KHRestfulUrls.h */,
				043354C119E994090047FEDF /* KHRestfulUrls.m */,
				043354C619E9A01D0047FEDF /* KHController.h */,
				043354C419E999CA0047FEDF /* KHController.m */,
				0481CB2B19FC17EE002E7A4F /* KHExternalIdType.h */,
				0481CB2F1A03152C002E7A4F /* KHExternalIdType.m */,
				044AB82A1A87F1660012B2EB /* KHConfiguration.h */,
				044AB82B1A87F1F00012B2EB /* KHConfiguration.m */,
			);
			path = Utility;
			sourceTree = "<group>";
		};
		044AB82D1A89CF5A0012B2EB /* Kindhat ios images */ = {
			isa = PBXGroup;
			children = (
				DB3BB3F81A9C2A9700ABA516 /* BackgroundImageView2.png */,
				DBC4A2C81A9BE908005C7139 /* tab icons */,
				044AB85D1A89D0C20012B2EB /* Blur background.jpg */,
				044AB85E1A89D0C20012B2EB /* Ghost Button.png */,
				DBC5BB2D1A9C257B00EBC991 /* BackgroundImageView.png */,
				044AB82E1A89CF5A0012B2EB /* kindhat century gothic white.png */,
				044AB82F1A89CF5A0012B2EB /* Kindhat launch image */,
			);
			path = "Kindhat ios images";
			sourceTree = "<group>";
		};
		044AB82F1A89CF5A0012B2EB /* Kindhat launch image */ = {
			isa = PBXGroup;
			children = (
				044AB8301A89CF5A0012B2EB /* Green Gradient */,
				044AB8351A89CF5A0012B2EB /* Grey Gradient  */,
				044AB8391A89CF5A0012B2EB /* White */,
				044AB8401A89CF5A0012B2EB /* White hat on d */,
			);
			path = "Kindhat launch image";
			sourceTree = "<group>";
		};
		044AB8301A89CF5A0012B2EB /* Green Gradient */ = {
			isa = PBXGroup;
			children = (
				044AB8311A89CF5A0012B2EB /* Kindhat Launch image green gradient 1536x2048.png */,
				044AB8321A89CF5A0012B2EB /* Kindhat Launch image green gradient 1536x2048.psd */,
				044AB8331A89CF5A0012B2EB /* Kindhat Launch image green gradient 640x960.png */,
				044AB8341A89CF5A0012B2EB /* Kindhat logo arial.png */,
			);
			path = "Green Gradient";
			sourceTree = "<group>";
		};
		044AB8351A89CF5A0012B2EB /* Grey Gradient  */ = {
			isa = PBXGroup;
			children = (
				044AB8361A89CF5A0012B2EB /* Kindhat Launch image grey gradient 1536x2048.png */,
				044AB8371A89CF5A0012B2EB /* Kindhat Launch image grey gradient 640x960.png */,
				044AB8381A89CF5A0012B2EB /* Kindhat Launch image grey gradient 768x1024.png */,
			);
			path = "Grey Gradient ";
			sourceTree = "<group>";
		};
		044AB8391A89CF5A0012B2EB /* White */ = {
			isa = PBXGroup;
			children = (
				044AB83A1A89CF5A0012B2EB /* Kindhat Launch image white 1242x2208.png */,
				044AB83B1A89CF5A0012B2EB /* Kindhat Launch image white 1536x2048.png */,
				044AB83C1A89CF5A0012B2EB /* Kindhat Launch image white 640x1136.png */,
				044AB83D1A89CF5A0012B2EB /* Kindhat Launch image white 640x960.png */,
				044AB83E1A89CF5A0012B2EB /* Kindhat Launch image white 750x1334.png */,
				044AB83F1A89CF5A0012B2EB /* Kindhat Launch image white 768x1024.png */,
			);
			path = White;
			sourceTree = "<group>";
		};
		044AB8401A89CF5A0012B2EB /* White hat on d */ = {
			isa = PBXGroup;
			children = (
				044AB8411A89CF5A0012B2EB /* Kindhat Launch white hat on d 1242x2208.png */,
				044AB8421A89CF5A0012B2EB /* Kindhat Launch white hat on d 1536x2048.png */,
				044AB8431A89CF5A0012B2EB /* Kindhat Launch white hat on d 1536x2048.psd */,
				044AB8441A89CF5A0012B2EB /* Kindhat Launch white hat on d 640x1136.png */,
				044AB8451A89CF5A0012B2EB /* Kindhat Launch white hat on d 640x960.png */,
				044AB8461A89CF5A0012B2EB /* Kindhat Launch white hat on d 750x1334.png */,
				044AB8471A89CF5A0012B2EB /* Kindhat Launch white hat on d 768x1024.png */,
			);
			path = "White hat on d";
			sourceTree = "<group>";
		};
		044AB8611A89D1580012B2EB /* Kindhat icon grey gradient square */ = {
			isa = PBXGroup;
			children = (
				044AB8621A89D1580012B2EB /* App Icon [Squared] */,
			);
			path = "Kindhat icon grey gradient square";
			sourceTree = "<group>";
		};
		044AB8621A89D1580012B2EB /* App Icon [Squared] */ = {
			isa = PBXGroup;
			children = (
				044AB8631A89D1580012B2EB /* Icon-60.png */,
				044AB8641A89D1580012B2EB /* Icon-60@2x.png */,
				044AB8651A89D1580012B2EB /* Icon-60@3x.png */,
				044AB8661A89D1580012B2EB /* Icon-72.png */,
				044AB8671A89D1580012B2EB /* Icon-72@2x.png */,
				044AB8681A89D1580012B2EB /* Icon-76.png */,
				044AB8691A89D1580012B2EB /* Icon-76@2x.png */,
				044AB86A1A89D1580012B2EB /* Icon-Small-40.png */,
				044AB86B1A89D1580012B2EB /* Icon-Small-40@2x.png */,
				044AB86C1A89D1580012B2EB /* Icon-Small-40@3x.png */,
				044AB86D1A89D1580012B2EB /* Icon-Small-50.png */,
				044AB86E1A89D1580012B2EB /* Icon-Small-50@2x.png */,
				044AB86F1A89D1580012B2EB /* Icon-Small.png */,
				044AB8701A89D1580012B2EB /* Icon-Small@2x.png */,
				044AB8711A89D1580012B2EB /* Icon-Small@3x.png */,
				044AB8721A89D1580012B2EB /* Icon.png */,
				044AB8731A89D1580012B2EB /* Icon@2x.png */,
				044AB8741A89D1580012B2EB /* iTunesArtwork@2x.png */,
			);
			path = "App Icon [Squared]";
			sourceTree = "<group>";
		};
		04918A6C19F9C62700136F9D /* Controllers */ = {
			isa = PBXGroup;
			children = (
				04918A7519FADD5700136F9D /* KHBorrowUIViewController.h */,
				04918A7619FADD5700136F9D /* KHBorrowUIViewController.m */,
				04918A6E19FACDE900136F9D /* KHLoginUIViewController.h */,
				04918A6F19FACDE900136F9D /* KHLoginUIViewController.m */,
				0481CB2C19FC197E002E7A4F /* KHMainUITabBarController.h */,
				0481CB2D19FD5462002E7A4F /* KHMainUITabBarController.m */,
				0459096F1A04498C006764CB /* KHMeUIViewController.h */,
				0459096D1A0448F0006764CB /* KHMeUIViewController.m */,
			);
			path = Controllers;
			sourceTree = "<group>";
		};
		0495CED819F597830046FB4D /* Models */ = {
			isa = PBXGroup;
			children = (
				0495CED919F598920046FB4D /* KHUser.h */,
				0495CEDA19F59D4D0046FB4D /* KHUser.m */,
				04930B441A1EF39A000BD42C /* KHApiKey.h */,
				04930B451A1EF59D000BD42C /* KHApiKey.m */,
			);
			path = Models;
			sourceTree = "<group>";
		};
		DBC4A2C81A9BE908005C7139 /* tab icons */ = {
			isa = PBXGroup;
			children = (
				DBC4A2C91A9BE908005C7139 /* Add user outline@2x.png */,
				DBC4A2CA1A9BE908005C7139 /* Add users@2x.png */,
				DBC4A2CB1A9BE908005C7139 /* bell Filled@2x.png */,
				DBC4A2CC1A9BE908005C7139 /* bell@2x.png */,
				DBC4A2CD1A9BE908005C7139 /* hat filled@2x.png */,
				DBC4A2CE1A9BE908005C7139 /* hat@2x.png */,
				DBC4A2CF1A9BE908005C7139 /* heart filled@2x.png */,
				DBC4A2D01A9BE908005C7139 /* heart@2x.png */,
				DBC4A2D11A9BE908005C7139 /* tree filled@2x.png */,
				DBC4A2D21A9BE908005C7139 /* tree@2x.png */,
				DBC4A2D31A9BE908005C7139 /* user filled@2x.png */,
				DBC4A2D41A9BE908005C7139 /* user@2x.png */,
			);
			name = "tab icons";
			path = "../../../../Kindhat ios images/kindhat icon library/tab icons";
			sourceTree = "<group>";
		};
/* End PBXGroup section */

/* Begin PBXNativeTarget section */
		040DD66319E5027E00AFD82E /* iosapp */ = {
			isa = PBXNativeTarget;
			buildConfigurationList = 040DD68719E5027F00AFD82E /* Build configuration list for PBXNativeTarget "iosapp" */;
			buildPhases = (
				040DD66019E5027E00AFD82E /* Sources */,
				040DD66119E5027E00AFD82E /* Frameworks */,
				040DD66219E5027E00AFD82E /* Resources */,
			);
			buildRules = (
			);
			dependencies = (
			);
			name = iosapp;
			productName = iosapp;
			productReference = 040DD66419E5027E00AFD82E /* iosapp.app */;
			productType = "com.apple.product-type.application";
		};
		040DD67C19E5027F00AFD82E /* iosappTests */ = {
			isa = PBXNativeTarget;
			buildConfigurationList = 040DD68A19E5027F00AFD82E /* Build configuration list for PBXNativeTarget "iosappTests" */;
			buildPhases = (
				040DD67919E5027F00AFD82E /* Sources */,
				040DD67A19E5027F00AFD82E /* Frameworks */,
				040DD67B19E5027F00AFD82E /* Resources */,
			);
			buildRules = (
			);
			dependencies = (
				040DD67F19E5027F00AFD82E /* PBXTargetDependency */,
			);
			name = iosappTests;
			productName = iosappTests;
			productReference = 040DD67D19E5027F00AFD82E /* iosappTests.xctest */;
			productType = "com.apple.product-type.bundle.unit-test";
		};
/* End PBXNativeTarget section */

/* Begin PBXProject section */
		040DD65C19E5027E00AFD82E /* Project object */ = {
			isa = PBXProject;
			attributes = {
				LastUpgradeCheck = 0600;
				ORGANIZATIONNAME = Kindhat;
				TargetAttributes = {
					040DD66319E5027E00AFD82E = {
						CreatedOnToolsVersion = 6.0.1;
					};
					040DD67C19E5027F00AFD82E = {
						CreatedOnToolsVersion = 6.0.1;
						TestTargetID = 040DD66319E5027E00AFD82E;
					};
				};
			};
			buildConfigurationList = 040DD65F19E5027E00AFD82E /* Build configuration list for PBXProject "iosapp" */;
			compatibilityVersion = "Xcode 3.2";
			developmentRegion = English;
			hasScannedForEncodings = 0;
			knownRegions = (
				en,
				Base,
				he,
			);
			mainGroup = 040DD65B19E5027E00AFD82E;
			productRefGroup = 040DD66519E5027E00AFD82E /* Products */;
			projectDirPath = "";
			projectRoot = "";
			targets = (
				040DD66319E5027E00AFD82E /* iosapp */,
				040DD67C19E5027F00AFD82E /* iosappTests */,
			);
		};
/* End PBXProject section */

/* Begin PBXResourcesBuildPhase section */
		040DD66219E5027E00AFD82E /* Resources */ = {
			isa = PBXResourcesBuildPhase;
			buildActionMask = 2147483647;
			files = (
				DBC4A2E01A9BE908005C7139 /* user@2x.png in Resources */,
				DBC4A2DB1A9BE908005C7139 /* heart filled@2x.png in Resources */,
				044AB8511A89CF5A0012B2EB /* Kindhat Launch image white 1536x2048.png in Resources */,
				DBC4A2DA1A9BE908005C7139 /* hat@2x.png in Resources */,
				044AB85B1A89CF5A0012B2EB /* Kindhat Launch white hat on d 750x1334.png in Resources */,
				044AB87C1A89D1580012B2EB /* Icon-Small-40.png in Resources */,
				044AB84F1A89CF5A0012B2EB /* Kindhat Launch image grey gradient 768x1024.png in Resources */,
				044AB84A1A89CF5A0012B2EB /* Kindhat Launch image green gradient 1536x2048.psd in Resources */,
				DBC4A2DD1A9BE908005C7139 /* tree filled@2x.png in Resources */,
				044AB8851A89D1580012B2EB /* Icon@2x.png in Resources */,
				044AB8761A89D1580012B2EB /* Icon-60@2x.png in Resources */,
				044AB8581A89CF5A0012B2EB /* Kindhat Launch white hat on d 1536x2048.psd in Resources */,
				044AB87B1A89D1580012B2EB /* Icon-76@2x.png in Resources */,
				044AB8811A89D1580012B2EB /* Icon-Small.png in Resources */,
				044AB8771A89D1580012B2EB /* Icon-60@3x.png in Resources */,
				DBC4A2DF1A9BE908005C7139 /* user filled@2x.png in Resources */,
				044AB8801A89D1580012B2EB /* Icon-Small-50@2x.png in Resources */,
				040DD67319E5027E00AFD82E /* Main.storyboard in Resources */,
				044AB8831A89D1580012B2EB /* Icon-Small@3x.png in Resources */,
				044AB8551A89CF5A0012B2EB /* Kindhat Launch image white 768x1024.png in Resources */,
				044AB8821A89D1580012B2EB /* Icon-Small@2x.png in Resources */,
				044AB87E1A89D1580012B2EB /* Icon-Small-40@3x.png in Resources */,
				044AB85A1A89CF5A0012B2EB /* Kindhat Launch white hat on d 640x960.png in Resources */,
				DBC4A2D81A9BE908005C7139 /* bell@2x.png in Resources */,
				044AB8791A89D1580012B2EB /* Icon-72@2x.png in Resources */,
				DBC4A2DE1A9BE908005C7139 /* tree@2x.png in Resources */,
				DB3BB3F91A9C2A9700ABA516 /* BackgroundImageView2.png in Resources */,
				044AB87D1A89D1580012B2EB /* Icon-Small-40@2x.png in Resources */,
				044AB84D1A89CF5A0012B2EB /* Kindhat Launch image grey gradient 1536x2048.png in Resources */,
				044AB8541A89CF5A0012B2EB /* Kindhat Launch image white 750x1334.png in Resources */,
				044AB84E1A89CF5A0012B2EB /* Kindhat Launch image grey gradient 640x960.png in Resources */,
				044AB8561A89CF5A0012B2EB /* Kindhat Launch white hat on d 1242x2208.png in Resources */,
				DBC4A2D91A9BE908005C7139 /* hat filled@2x.png in Resources */,
				044AB8841A89D1580012B2EB /* Icon.png in Resources */,
				044AB87F1A89D1580012B2EB /* Icon-Small-50.png in Resources */,
				044AB8601A89D0C20012B2EB /* Ghost Button.png in Resources */,
				0495CEDD19F5ABEF0046FB4D /* Default-568h@2x.png in Resources */,
				044AB87A1A89D1580012B2EB /* Icon-76.png in Resources */,
				044AB84B1A89CF5A0012B2EB /* Kindhat Launch image green gradient 640x960.png in Resources */,
				DBC4A2DC1A9BE908005C7139 /* heart@2x.png in Resources */,
				DBC4A2D71A9BE908005C7139 /* bell Filled@2x.png in Resources */,
				DBC4A2D61A9BE908005C7139 /* Add users@2x.png in Resources */,
				044AB85C1A89CF5A0012B2EB /* Kindhat Launch white hat on d 768x1024.png in Resources */,
				044AB8861A89D1580012B2EB /* iTunesArtwork@2x.png in Resources */,
				044AB8501A89CF5A0012B2EB /* Kindhat Launch image white 1242x2208.png in Resources */,
				044AB8781A89D1580012B2EB /* Icon-72.png in Resources */,
				044AB8571A89CF5A0012B2EB /* Kindhat Launch white hat on d 1536x2048.png in Resources */,
				040DD67819E5027E00AFD82E /* LaunchScreen.xib in Resources */,
				044AB8481A89CF5A0012B2EB /* kindhat century gothic white.png in Resources */,
				DBC5BB2E1A9C257B00EBC991 /* BackgroundImageView.png in Resources */,
				044AB8521A89CF5A0012B2EB /* Kindhat Launch image white 640x1136.png in Resources */,
				DBC4A2D51A9BE908005C7139 /* Add user outline@2x.png in Resources */,
				044AB8531A89CF5A0012B2EB /* Kindhat Launch image white 640x960.png in Resources */,
				040DD67519E5027E00AFD82E /* Images.xcassets in Resources */,
				044AB8591A89CF5A0012B2EB /* Kindhat Launch white hat on d 640x1136.png in Resources */,
				DB3BB3FB1A9C30CB00ABA516 /* BackgroundImage.xcassets in Resources */,
				044AB8491A89CF5A0012B2EB /* Kindhat Launch image green gradient 1536x2048.png in Resources */,
				044AB84C1A89CF5A0012B2EB /* Kindhat logo arial.png in Resources */,
				044AB8751A89D1580012B2EB /* Icon-60.png in Resources */,
				044AB85F1A89D0C20012B2EB /* Blur background.jpg in Resources */,
			);
			runOnlyForDeploymentPostprocessing = 0;
		};
		040DD67B19E5027F00AFD82E /* Resources */ = {
			isa = PBXResourcesBuildPhase;
			buildActionMask = 2147483647;
			files = (
			);
			runOnlyForDeploymentPostprocessing = 0;
		};
/* End PBXResourcesBuildPhase section */

/* Begin PBXSourcesBuildPhase section */
		040DD66019E5027E00AFD82E /* Sources */ = {
			isa = PBXSourcesBuildPhase;
			buildActionMask = 2147483647;
			files = (
				04918A7019FACDE900136F9D /* KHLoginUIViewController.m in Sources */,
				04918A7719FADD5700136F9D /* KHBorrowUIViewController.m in Sources */,
				0495CEDB19F59D4D0046FB4D /* KHUser.m in Sources */,
				0459096E1A0448F0006764CB /* KHMeUIViewController.m in Sources */,
				0481CB2E19FD5462002E7A4F /* KHMainUITabBarController.m in Sources */,
				040DD66D19E5027E00AFD82E /* KHAppDelegate.m in Sources */,
				040DD66A19E5027E00AFD82E /* main.m in Sources */,
				0481CB301A03152C002E7A4F /* KHExternalIdType.m in Sources */,
				043354C219E994090047FEDF /* KHRestfulUrls.m in Sources */,
				04930B461A1EF59D000BD42C /* KHApiKey.m in Sources */,
				043354C519E999CA0047FEDF /* KHController.m in Sources */,
				044AB82C1A87F1F00012B2EB /* KHConfiguration.m in Sources */,
			);
			runOnlyForDeploymentPostprocessing = 0;
		};
		040DD67919E5027F00AFD82E /* Sources */ = {
			isa = PBXSourcesBuildPhase;
			buildActionMask = 2147483647;
			files = (
				040DD68419E5027F00AFD82E /* iosappTests.m in Sources */,
			);
			runOnlyForDeploymentPostprocessing = 0;
		};
/* End PBXSourcesBuildPhase section */

/* Begin PBXTargetDependency section */
		040DD67F19E5027F00AFD82E /* PBXTargetDependency */ = {
			isa = PBXTargetDependency;
			target = 040DD66319E5027E00AFD82E /* iosapp */;
			targetProxy = 040DD67E19E5027F00AFD82E /* PBXContainerItemProxy */;
		};
/* End PBXTargetDependency section */

/* Begin PBXVariantGroup section */
		040DD67119E5027E00AFD82E /* Main.storyboard */ = {
			isa = PBXVariantGroup;
			children = (
				040DD67219E5027E00AFD82E /* Base */,
			);
			name = Main.storyboard;
			sourceTree = "<group>";
		};
		040DD67619E5027E00AFD82E /* LaunchScreen.xib */ = {
			isa = PBXVariantGroup;
			children = (
				040DD67719E5027E00AFD82E /* Base */,
			);
			name = LaunchScreen.xib;
			sourceTree = "<group>";
		};
/* End PBXVariantGroup section */

/* Begin XCBuildConfiguration section */
		040DD68519E5027F00AFD82E /* Debug */ = {
			isa = XCBuildConfiguration;
			buildSettings = {
				ALWAYS_SEARCH_USER_PATHS = NO;
				CLANG_CXX_LANGUAGE_STANDARD = "gnu++0x";
				CLANG_CXX_LIBRARY = "libc++";
				CLANG_ENABLE_MODULES = YES;
				CLANG_ENABLE_OBJC_ARC = YES;
				CLANG_WARN_BOOL_CONVERSION = YES;
				CLANG_WARN_CONSTANT_CONVERSION = YES;
				CLANG_WARN_DIRECT_OBJC_ISA_USAGE = YES_ERROR;
				CLANG_WARN_EMPTY_BODY = YES;
				CLANG_WARN_ENUM_CONVERSION = YES;
				CLANG_WARN_INT_CONVERSION = YES;
				CLANG_WARN_OBJC_ROOT_CLASS = YES_ERROR;
				CLANG_WARN_UNREACHABLE_CODE = YES;
				CLANG_WARN__DUPLICATE_METHOD_MATCH = YES;
				"CODE_SIGN_IDENTITY[sdk=iphoneos*]" = "iPhone Developer";
				COPY_PHASE_STRIP = NO;
				ENABLE_STRICT_OBJC_MSGSEND = YES;
				GCC_C_LANGUAGE_STANDARD = gnu99;
				GCC_DYNAMIC_NO_PIC = NO;
				GCC_OPTIMIZATION_LEVEL = 0;
				GCC_PREPROCESSOR_DEFINITIONS = (
					"DEBUG=1",
					"$(inherited)",
				);
				GCC_SYMBOLS_PRIVATE_EXTERN = NO;
				GCC_WARN_64_TO_32_BIT_CONVERSION = YES;
				GCC_WARN_ABOUT_RETURN_TYPE = YES_ERROR;
				GCC_WARN_UNDECLARED_SELECTOR = YES;
				GCC_WARN_UNINITIALIZED_AUTOS = YES_AGGRESSIVE;
				GCC_WARN_UNUSED_FUNCTION = YES;
				GCC_WARN_UNUSED_VARIABLE = YES;
				IPHONEOS_DEPLOYMENT_TARGET = 8.0;
				MTL_ENABLE_DEBUG_INFO = YES;
				ONLY_ACTIVE_ARCH = YES;
				SDKROOT = iphoneos;
			};
			name = Debug;
		};
		040DD68619E5027F00AFD82E /* Release */ = {
			isa = XCBuildConfiguration;
			buildSettings = {
				ALWAYS_SEARCH_USER_PATHS = NO;
				CLANG_CXX_LANGUAGE_STANDARD = "gnu++0x";
				CLANG_CXX_LIBRARY = "libc++";
				CLANG_ENABLE_MODULES = YES;
				CLANG_ENABLE_OBJC_ARC = YES;
				CLANG_WARN_BOOL_CONVERSION = YES;
				CLANG_WARN_CONSTANT_CONVERSION = YES;
				CLANG_WARN_DIRECT_OBJC_ISA_USAGE = YES_ERROR;
				CLANG_WARN_EMPTY_BODY = YES;
				CLANG_WARN_ENUM_CONVERSION = YES;
				CLANG_WARN_INT_CONVERSION = YES;
				CLANG_WARN_OBJC_ROOT_CLASS = YES_ERROR;
				CLANG_WARN_UNREACHABLE_CODE = YES;
				CLANG_WARN__DUPLICATE_METHOD_MATCH = YES;
				"CODE_SIGN_IDENTITY[sdk=iphoneos*]" = "iPhone Developer";
				COPY_PHASE_STRIP = YES;
				ENABLE_NS_ASSERTIONS = NO;
				ENABLE_STRICT_OBJC_MSGSEND = YES;
				GCC_C_LANGUAGE_STANDARD = gnu99;
				GCC_WARN_64_TO_32_BIT_CONVERSION = YES;
				GCC_WARN_ABOUT_RETURN_TYPE = YES_ERROR;
				GCC_WARN_UNDECLARED_SELECTOR = YES;
				GCC_WARN_UNINITIALIZED_AUTOS = YES_AGGRESSIVE;
				GCC_WARN_UNUSED_FUNCTION = YES;
				GCC_WARN_UNUSED_VARIABLE = YES;
				IPHONEOS_DEPLOYMENT_TARGET = 8.0;
				MTL_ENABLE_DEBUG_INFO = NO;
				SDKROOT = iphoneos;
				VALIDATE_PRODUCT = YES;
			};
			name = Release;
		};
		040DD68819E5027F00AFD82E /* Debug */ = {
			isa = XCBuildConfiguration;
			buildSettings = {
				ALWAYS_SEARCH_USER_PATHS = NO;
				ASSETCATALOG_COMPILER_APPICON_NAME = AppIcon;
				FRAMEWORK_SEARCH_PATHS = (
					"$(inherited)",
					"$(PROJECT_DIR)/**",
				);
				INFOPLIST_FILE = "iosapp/Supporting Files/Info.plist";
				LD_RUNPATH_SEARCH_PATHS = "$(inherited) $(PROJECT_DIR)";
				LIBRARY_SEARCH_PATHS = "$(inherited)";
				PRODUCT_NAME = "$(TARGET_NAME)";
			};
			name = Debug;
		};
		040DD68919E5027F00AFD82E /* Release */ = {
			isa = XCBuildConfiguration;
			buildSettings = {
				ALWAYS_SEARCH_USER_PATHS = NO;
				ASSETCATALOG_COMPILER_APPICON_NAME = AppIcon;
				FRAMEWORK_SEARCH_PATHS = (
					"$(inherited)",
					"$(PROJECT_DIR)/**",
				);
				INFOPLIST_FILE = "iosapp/Supporting Files/Info.plist";
				LD_RUNPATH_SEARCH_PATHS = "$(inherited) $(PROJECT_DIR)";
				LIBRARY_SEARCH_PATHS = "$(inherited)";
				PRODUCT_NAME = "$(TARGET_NAME)";
			};
			name = Release;
		};
		040DD68B19E5027F00AFD82E /* Debug */ = {
			isa = XCBuildConfiguration;
			buildSettings = {
				BUNDLE_LOADER = "$(TEST_HOST)";
				FRAMEWORK_SEARCH_PATHS = (
					"$(SDKROOT)/Developer/Library/Frameworks",
					"$(inherited)",
				);
				GCC_PREPROCESSOR_DEFINITIONS = (
					"DEBUG=1",
					"$(inherited)",
				);
				INFOPLIST_FILE = iosappTests/Info.plist;
				LD_RUNPATH_SEARCH_PATHS = "$(inherited) @executable_path/Frameworks @loader_path/Frameworks";
				PRODUCT_NAME = "$(TARGET_NAME)";
				TEST_HOST = "$(BUILT_PRODUCTS_DIR)/iosapp.app/iosapp";
			};
			name = Debug;
		};
		040DD68C19E5027F00AFD82E /* Release */ = {
			isa = XCBuildConfiguration;
			buildSettings = {
				BUNDLE_LOADER = "$(TEST_HOST)";
				FRAMEWORK_SEARCH_PATHS = (
					"$(SDKROOT)/Developer/Library/Frameworks",
					"$(inherited)",
				);
				INFOPLIST_FILE = iosappTests/Info.plist;
				LD_RUNPATH_SEARCH_PATHS = "$(inherited) @executable_path/Frameworks @loader_path/Frameworks";
				PRODUCT_NAME = "$(TARGET_NAME)";
				TEST_HOST = "$(BUILT_PRODUCTS_DIR)/iosapp.app/iosapp";
			};
			name = Release;
		};
/* End XCBuildConfiguration section */

/* Begin XCConfigurationList section */
		040DD65F19E5027E00AFD82E /* Build configuration list for PBXProject "iosapp" */ = {
			isa = XCConfigurationList;
			buildConfigurations = (
				040DD68519E5027F00AFD82E /* Debug */,
				040DD68619E5027F00AFD82E /* Release */,
			);
			defaultConfigurationIsVisible = 0;
			defaultConfigurationName = Release;
		};
		040DD68719E5027F00AFD82E /* Build configuration list for PBXNativeTarget "iosapp" */ = {
			isa = XCConfigurationList;
			buildConfigurations = (
				040DD68819E5027F00AFD82E /* Debug */,
				040DD68919E5027F00AFD82E /* Release */,
			);
			defaultConfigurationIsVisible = 0;
			defaultConfigurationName = Release;
		};
		040DD68A19E5027F00AFD82E /* Build configuration list for PBXNativeTarget "iosappTests" */ = {
			isa = XCConfigurationList;
			buildConfigurations = (
				040DD68B19E5027F00AFD82E /* Debug */,
				040DD68C19E5027F00AFD82E /* Release */,
			);
			defaultConfigurationIsVisible = 0;
			defaultConfigurationName = Release;
		};
/* End XCConfigurationList section */
	};
	rootObject = 040DD65C19E5027E00AFD82E /* Project object */;
}
